// !$*UTF8*$!
{
	archiveVersion = 1;
	classes = {
	};
	objectVersion = 55;
	objects = {

/* Begin PBXBuildFile section */
		349123D7289E0B5000718AB7 /* Assets.xcassets in Resources */ = {isa = PBXBuildFile; fileRef = 349123D6289E0B5000718AB7 /* Assets.xcassets */; };
		349123DD289E0B5000718AB7 /* POSmealWatch WatchKit Extension.appex in Embed App Extensions */ = {isa = PBXBuildFile; fileRef = 349123DC289E0B5000718AB7 /* POSmealWatch WatchKit Extension.appex */; settings = {ATTRIBUTES = (RemoveHeadersOnCopy, ); }; };
		349123E2289E0B5000718AB7 /* _______App.swift in Sources */ = {isa = PBXBuildFile; fileRef = 349123E1289E0B5000718AB7 /* _______App.swift */; };
		349123E6289E0B5000718AB7 /* NotificationController.swift in Sources */ = {isa = PBXBuildFile; fileRef = 349123E5289E0B5000718AB7 /* NotificationController.swift */; };
		349123E8289E0B5000718AB7 /* NotificationView.swift in Sources */ = {isa = PBXBuildFile; fileRef = 349123E7289E0B5000718AB7 /* NotificationView.swift */; };
		349123EA289E0B5000718AB7 /* ComplicationController.swift in Sources */ = {isa = PBXBuildFile; fileRef = 349123E9289E0B5000718AB7 /* ComplicationController.swift */; };
		349123EC289E0B5100718AB7 /* Assets.xcassets in Resources */ = {isa = PBXBuildFile; fileRef = 349123EB289E0B5100718AB7 /* Assets.xcassets */; };
		349123EF289E0B5100718AB7 /* Preview Assets.xcassets in Resources */ = {isa = PBXBuildFile; fileRef = 349123EE289E0B5100718AB7 /* Preview Assets.xcassets */; };
		349123F4289E0B5100718AB7 /* POSmealWatch.app in Embed Watch Content */ = {isa = PBXBuildFile; fileRef = 349123D4289E0B4E00718AB7 /* POSmealWatch.app */; settings = {ATTRIBUTES = (RemoveHeadersOnCopy, ); }; };
		349123FE289E0F3A00718AB7 /* Network.swift in Sources */ = {isa = PBXBuildFile; fileRef = C6CC13462822A72000D3EA1A /* Network.swift */; };
		34912400289E10F900718AB7 /* ContentView.swift in Sources */ = {isa = PBXBuildFile; fileRef = 349123FF289E10F900718AB7 /* ContentView.swift */; };
		34912404289E116E00718AB7 /* Color+.swift in Sources */ = {isa = PBXBuildFile; fileRef = C64C9B4C288B953200DA1238 /* Color+.swift */; };
		34912405289E120B00718AB7 /* MenuModel.swift in Sources */ = {isa = PBXBuildFile; fileRef = C6CC13482822A75400D3EA1A /* MenuModel.swift */; };
		34912406289E121100718AB7 /* TimeManager.swift in Sources */ = {isa = PBXBuildFile; fileRef = C6030109288C47E50094C3AD /* TimeManager.swift */; };
		34912408289E134A00718AB7 /* Watch_MenuView.swift in Sources */ = {isa = PBXBuildFile; fileRef = 34912407289E134A00718AB7 /* Watch_MenuView.swift */; };
		34B4B05D28A3B091005A17CC /* SettingView.swift in Sources */ = {isa = PBXBuildFile; fileRef = 34B4B05C28A3B091005A17CC /* SettingView.swift */; };
		C603010A288C47E50094C3AD /* TimeManager.swift in Sources */ = {isa = PBXBuildFile; fileRef = C6030109288C47E50094C3AD /* TimeManager.swift */; };
		C603010F288CA34B0094C3AD /* TimeManager.swift in Sources */ = {isa = PBXBuildFile; fileRef = C6030109288C47E50094C3AD /* TimeManager.swift */; };
		C63A3B422822A26400FBCF96 /* widgetProjectApp.swift in Sources */ = {isa = PBXBuildFile; fileRef = C63A3B412822A26400FBCF96 /* widgetProjectApp.swift */; };
		C63A3B442822A26400FBCF96 /* ContentView.swift in Sources */ = {isa = PBXBuildFile; fileRef = C63A3B432822A26400FBCF96 /* ContentView.swift */; };
		C63A3B462822A26400FBCF96 /* Assets.xcassets in Resources */ = {isa = PBXBuildFile; fileRef = C63A3B452822A26400FBCF96 /* Assets.xcassets */; };
		C63A3B492822A26400FBCF96 /* Preview Assets.xcassets in Resources */ = {isa = PBXBuildFile; fileRef = C63A3B482822A26400FBCF96 /* Preview Assets.xcassets */; };
		C63A3B562822A2D300FBCF96 /* WidgetKit.framework in Frameworks */ = {isa = PBXBuildFile; fileRef = C63A3B552822A2D300FBCF96 /* WidgetKit.framework */; };
		C63A3B582822A2D300FBCF96 /* SwiftUI.framework in Frameworks */ = {isa = PBXBuildFile; fileRef = C63A3B572822A2D300FBCF96 /* SwiftUI.framework */; };
		C63A3B5B2822A2D300FBCF96 /* myWidget.swift in Sources */ = {isa = PBXBuildFile; fileRef = C63A3B5A2822A2D300FBCF96 /* myWidget.swift */; };
		C63A3B5D2822A2D400FBCF96 /* Assets.xcassets in Resources */ = {isa = PBXBuildFile; fileRef = C63A3B5C2822A2D400FBCF96 /* Assets.xcassets */; };
		C63A3B612822A2D400FBCF96 /* posmealWidgetExtension.appex in Embed App Extensions */ = {isa = PBXBuildFile; fileRef = C63A3B532822A2D300FBCF96 /* posmealWidgetExtension.appex */; platformFilter = ios; settings = {ATTRIBUTES = (RemoveHeadersOnCopy, ); }; };
		C64C9B49288B8D9600DA1238 /* MenuModel.swift in Sources */ = {isa = PBXBuildFile; fileRef = C6CC13482822A75400D3EA1A /* MenuModel.swift */; };
		C64C9B4A288B8D9900DA1238 /* Network.swift in Sources */ = {isa = PBXBuildFile; fileRef = C6CC13462822A72000D3EA1A /* Network.swift */; };
		C64C9B4D288B953200DA1238 /* Color+.swift in Sources */ = {isa = PBXBuildFile; fileRef = C64C9B4C288B953200DA1238 /* Color+.swift */; };
		C64C9B4E288B9AE500DA1238 /* Assets.xcassets in Resources */ = {isa = PBXBuildFile; fileRef = C63A3B452822A26400FBCF96 /* Assets.xcassets */; };
		C64C9B4F288BA72C00DA1238 /* Color+.swift in Sources */ = {isa = PBXBuildFile; fileRef = C64C9B4C288B953200DA1238 /* Color+.swift */; };
		C65FDDAF2823B0BB00BE164E /* OnBoardingTabView.swift in Sources */ = {isa = PBXBuildFile; fileRef = C65FDDAE2823B0BB00BE164E /* OnBoardingTabView.swift */; };
		C65FDDB12823B0D800BE164E /* OnBoardingPageView.swift in Sources */ = {isa = PBXBuildFile; fileRef = C65FDDB02823B0D800BE164E /* OnBoardingPageView.swift */; };
		C65FDDB32823B0E600BE164E /* OnBoardingLastPageView.swift in Sources */ = {isa = PBXBuildFile; fileRef = C65FDDB22823B0E600BE164E /* OnBoardingLastPageView.swift */; };
		C679DCD2282A1AD400D87E97 /* GoogleService-Info.plist in Resources */ = {isa = PBXBuildFile; fileRef = C679DCD1282A1AD400D87E97 /* GoogleService-Info.plist */; };
		C679DCD5282A215B00D87E97 /* FirebaseAnalytics in Frameworks */ = {isa = PBXBuildFile; productRef = C679DCD4282A215B00D87E97 /* FirebaseAnalytics */; };
		C679DCD7282A215B00D87E97 /* FirebaseMessaging in Frameworks */ = {isa = PBXBuildFile; productRef = C679DCD6282A215B00D87E97 /* FirebaseMessaging */; };
		C6947821282A93980087F11C /* AppDelegate.swift in Sources */ = {isa = PBXBuildFile; fileRef = C6947820282A93980087F11C /* AppDelegate.swift */; };
		C6A9C61A288C0379006F99B1 /* WidgetSmallCardView.swift in Sources */ = {isa = PBXBuildFile; fileRef = C6A9C618288C02D9006F99B1 /* WidgetSmallCardView.swift */; };
		C6A9C61F288C03C2006F99B1 /* WidgetLargeCardView.swift in Sources */ = {isa = PBXBuildFile; fileRef = C6A9C61D288C03B3006F99B1 /* WidgetLargeCardView.swift */; };
		C6A9C620288C03C5006F99B1 /* WidgetMediumCardView.swift in Sources */ = {isa = PBXBuildFile; fileRef = C6A9C61B288C038D006F99B1 /* WidgetMediumCardView.swift */; };
		C6A9C623288C03E8006F99B1 /* PosmealEntryView.swift in Sources */ = {isa = PBXBuildFile; fileRef = C6A9C621288C03DA006F99B1 /* PosmealEntryView.swift */; };
		C6CB935428258252005D143E /* MenuView.swift in Sources */ = {isa = PBXBuildFile; fileRef = C6CB935328258252005D143E /* MenuView.swift */; };
		C6CC13472822A72000D3EA1A /* Network.swift in Sources */ = {isa = PBXBuildFile; fileRef = C6CC13462822A72000D3EA1A /* Network.swift */; };
		C6CC13492822A75400D3EA1A /* MenuModel.swift in Sources */ = {isa = PBXBuildFile; fileRef = C6CC13482822A75400D3EA1A /* MenuModel.swift */; };
/* End PBXBuildFile section */

/* Begin PBXContainerItemProxy section */
		349123DE289E0B5000718AB7 /* PBXContainerItemProxy */ = {
			isa = PBXContainerItemProxy;
			containerPortal = C63A3B362822A26400FBCF96 /* Project object */;
			proxyType = 1;
			remoteGlobalIDString = 349123DB289E0B5000718AB7;
			remoteInfo = "POSmealWatch WatchKit Extension";
		};
		349123F2289E0B5100718AB7 /* PBXContainerItemProxy */ = {
			isa = PBXContainerItemProxy;
			containerPortal = C63A3B362822A26400FBCF96 /* Project object */;
			proxyType = 1;
			remoteGlobalIDString = 349123D3289E0B4E00718AB7;
			remoteInfo = POSmealWatch;
		};
		C63A3B5F2822A2D400FBCF96 /* PBXContainerItemProxy */ = {
			isa = PBXContainerItemProxy;
			containerPortal = C63A3B362822A26400FBCF96 /* Project object */;
			proxyType = 1;
			remoteGlobalIDString = C63A3B522822A2D300FBCF96;
			remoteInfo = myWidgetExtension;
		};
/* End PBXContainerItemProxy section */

/* Begin PBXCopyFilesBuildPhase section */
		349123F8289E0B5100718AB7 /* Embed App Extensions */ = {
			isa = PBXCopyFilesBuildPhase;
			buildActionMask = 2147483647;
			dstPath = "";
			dstSubfolderSpec = 13;
			files = (
				349123DD289E0B5000718AB7 /* POSmealWatch WatchKit Extension.appex in Embed App Extensions */,
			);
			name = "Embed App Extensions";
			runOnlyForDeploymentPostprocessing = 0;
		};
		349123FC289E0B5100718AB7 /* Embed Watch Content */ = {
			isa = PBXCopyFilesBuildPhase;
			buildActionMask = 2147483647;
			dstPath = "$(CONTENTS_FOLDER_PATH)/Watch";
			dstSubfolderSpec = 16;
			files = (
				349123F4289E0B5100718AB7 /* POSmealWatch.app in Embed Watch Content */,
			);
			name = "Embed Watch Content";
			runOnlyForDeploymentPostprocessing = 0;
		};
		C63A3B652822A2D400FBCF96 /* Embed App Extensions */ = {
			isa = PBXCopyFilesBuildPhase;
			buildActionMask = 2147483647;
			dstPath = "";
			dstSubfolderSpec = 13;
			files = (
				C63A3B612822A2D400FBCF96 /* posmealWidgetExtension.appex in Embed App Extensions */,
			);
			name = "Embed App Extensions";
			runOnlyForDeploymentPostprocessing = 0;
		};
/* End PBXCopyFilesBuildPhase section */

/* Begin PBXFileReference section */
		349123D4289E0B4E00718AB7 /* POSmealWatch.app */ = {isa = PBXFileReference; explicitFileType = wrapper.application; includeInIndex = 0; path = POSmealWatch.app; sourceTree = BUILT_PRODUCTS_DIR; };
		349123D6289E0B5000718AB7 /* Assets.xcassets */ = {isa = PBXFileReference; lastKnownFileType = folder.assetcatalog; path = Assets.xcassets; sourceTree = "<group>"; };
		349123DC289E0B5000718AB7 /* POSmealWatch WatchKit Extension.appex */ = {isa = PBXFileReference; explicitFileType = "wrapper.app-extension"; includeInIndex = 0; path = "POSmealWatch WatchKit Extension.appex"; sourceTree = BUILT_PRODUCTS_DIR; };
		349123E1289E0B5000718AB7 /* _______App.swift */ = {isa = PBXFileReference; lastKnownFileType = sourcecode.swift; path = "_______App.swift"; sourceTree = "<group>"; };
		349123E5289E0B5000718AB7 /* NotificationController.swift */ = {isa = PBXFileReference; lastKnownFileType = sourcecode.swift; path = NotificationController.swift; sourceTree = "<group>"; };
		349123E7289E0B5000718AB7 /* NotificationView.swift */ = {isa = PBXFileReference; lastKnownFileType = sourcecode.swift; path = NotificationView.swift; sourceTree = "<group>"; };
		349123E9289E0B5000718AB7 /* ComplicationController.swift */ = {isa = PBXFileReference; lastKnownFileType = sourcecode.swift; path = ComplicationController.swift; sourceTree = "<group>"; };
		349123EB289E0B5100718AB7 /* Assets.xcassets */ = {isa = PBXFileReference; lastKnownFileType = folder.assetcatalog; path = Assets.xcassets; sourceTree = "<group>"; };
		349123EE289E0B5100718AB7 /* Preview Assets.xcassets */ = {isa = PBXFileReference; lastKnownFileType = folder.assetcatalog; path = "Preview Assets.xcassets"; sourceTree = "<group>"; };
		349123F0289E0B5100718AB7 /* Info.plist */ = {isa = PBXFileReference; lastKnownFileType = text.plist.xml; path = Info.plist; sourceTree = "<group>"; };
		349123F1289E0B5100718AB7 /* PushNotificationPayload.apns */ = {isa = PBXFileReference; lastKnownFileType = text; path = PushNotificationPayload.apns; sourceTree = "<group>"; };
		349123FF289E10F900718AB7 /* ContentView.swift */ = {isa = PBXFileReference; lastKnownFileType = sourcecode.swift; path = ContentView.swift; sourceTree = "<group>"; };
		34912407289E134A00718AB7 /* Watch_MenuView.swift */ = {isa = PBXFileReference; lastKnownFileType = sourcecode.swift; path = Watch_MenuView.swift; sourceTree = "<group>"; };
		34B4B05C28A3B091005A17CC /* SettingView.swift */ = {isa = PBXFileReference; lastKnownFileType = sourcecode.swift; path = SettingView.swift; sourceTree = "<group>"; };
		C6030109288C47E50094C3AD /* TimeManager.swift */ = {isa = PBXFileReference; lastKnownFileType = sourcecode.swift; path = TimeManager.swift; sourceTree = "<group>"; };
		C63A3B3E2822A26400FBCF96 /* 포스밀.app */ = {isa = PBXFileReference; explicitFileType = wrapper.application; includeInIndex = 0; path = "포스밀.app"; sourceTree = BUILT_PRODUCTS_DIR; };
		C63A3B412822A26400FBCF96 /* widgetProjectApp.swift */ = {isa = PBXFileReference; lastKnownFileType = sourcecode.swift; path = widgetProjectApp.swift; sourceTree = "<group>"; };
		C63A3B432822A26400FBCF96 /* ContentView.swift */ = {isa = PBXFileReference; lastKnownFileType = sourcecode.swift; path = ContentView.swift; sourceTree = "<group>"; };
		C63A3B452822A26400FBCF96 /* Assets.xcassets */ = {isa = PBXFileReference; lastKnownFileType = folder.assetcatalog; path = Assets.xcassets; sourceTree = "<group>"; };
		C63A3B482822A26400FBCF96 /* Preview Assets.xcassets */ = {isa = PBXFileReference; lastKnownFileType = folder.assetcatalog; path = "Preview Assets.xcassets"; sourceTree = "<group>"; };
		C63A3B532822A2D300FBCF96 /* posmealWidgetExtension.appex */ = {isa = PBXFileReference; explicitFileType = "wrapper.app-extension"; includeInIndex = 0; path = posmealWidgetExtension.appex; sourceTree = BUILT_PRODUCTS_DIR; };
		C63A3B552822A2D300FBCF96 /* WidgetKit.framework */ = {isa = PBXFileReference; lastKnownFileType = wrapper.framework; name = WidgetKit.framework; path = System/Library/Frameworks/WidgetKit.framework; sourceTree = SDKROOT; };
		C63A3B572822A2D300FBCF96 /* SwiftUI.framework */ = {isa = PBXFileReference; lastKnownFileType = wrapper.framework; name = SwiftUI.framework; path = System/Library/Frameworks/SwiftUI.framework; sourceTree = SDKROOT; };
		C63A3B5A2822A2D300FBCF96 /* myWidget.swift */ = {isa = PBXFileReference; lastKnownFileType = sourcecode.swift; path = myWidget.swift; sourceTree = "<group>"; };
		C63A3B5C2822A2D400FBCF96 /* Assets.xcassets */ = {isa = PBXFileReference; lastKnownFileType = folder.assetcatalog; path = Assets.xcassets; sourceTree = "<group>"; };
		C63A3B5E2822A2D400FBCF96 /* Info.plist */ = {isa = PBXFileReference; lastKnownFileType = text.plist.xml; path = Info.plist; sourceTree = "<group>"; };
		C64C9B4C288B953200DA1238 /* Color+.swift */ = {isa = PBXFileReference; lastKnownFileType = sourcecode.swift; path = "Color+.swift"; sourceTree = "<group>"; };
		C65FDDAE2823B0BB00BE164E /* OnBoardingTabView.swift */ = {isa = PBXFileReference; lastKnownFileType = sourcecode.swift; path = OnBoardingTabView.swift; sourceTree = "<group>"; };
		C65FDDB02823B0D800BE164E /* OnBoardingPageView.swift */ = {isa = PBXFileReference; lastKnownFileType = sourcecode.swift; path = OnBoardingPageView.swift; sourceTree = "<group>"; };
		C65FDDB22823B0E600BE164E /* OnBoardingLastPageView.swift */ = {isa = PBXFileReference; lastKnownFileType = sourcecode.swift; path = OnBoardingLastPageView.swift; sourceTree = "<group>"; };
		C679DCD1282A1AD400D87E97 /* GoogleService-Info.plist */ = {isa = PBXFileReference; lastKnownFileType = text.plist; path = "GoogleService-Info.plist"; sourceTree = SOURCE_ROOT; };
		C6947820282A93980087F11C /* AppDelegate.swift */ = {isa = PBXFileReference; lastKnownFileType = sourcecode.swift; path = AppDelegate.swift; sourceTree = "<group>"; };
		C6A9C618288C02D9006F99B1 /* WidgetSmallCardView.swift */ = {isa = PBXFileReference; lastKnownFileType = sourcecode.swift; path = WidgetSmallCardView.swift; sourceTree = "<group>"; };
		C6A9C61B288C038D006F99B1 /* WidgetMediumCardView.swift */ = {isa = PBXFileReference; lastKnownFileType = sourcecode.swift; path = WidgetMediumCardView.swift; sourceTree = "<group>"; };
		C6A9C61D288C03B3006F99B1 /* WidgetLargeCardView.swift */ = {isa = PBXFileReference; lastKnownFileType = sourcecode.swift; path = WidgetLargeCardView.swift; sourceTree = "<group>"; };
		C6A9C621288C03DA006F99B1 /* PosmealEntryView.swift */ = {isa = PBXFileReference; lastKnownFileType = sourcecode.swift; path = PosmealEntryView.swift; sourceTree = "<group>"; };
		C6CB935328258252005D143E /* MenuView.swift */ = {isa = PBXFileReference; lastKnownFileType = sourcecode.swift; path = MenuView.swift; sourceTree = "<group>"; };
		C6CC13462822A72000D3EA1A /* Network.swift */ = {isa = PBXFileReference; lastKnownFileType = sourcecode.swift; path = Network.swift; sourceTree = "<group>"; };
		C6CC13482822A75400D3EA1A /* MenuModel.swift */ = {isa = PBXFileReference; lastKnownFileType = sourcecode.swift; path = MenuModel.swift; sourceTree = "<group>"; };
		C6CC134C2822A97000D3EA1A /* widgetProject.entitlements */ = {isa = PBXFileReference; lastKnownFileType = text.plist.entitlements; path = widgetProject.entitlements; sourceTree = "<group>"; };
		C6CC134D2822A9CD00D3EA1A /* myWidgetExtension.entitlements */ = {isa = PBXFileReference; lastKnownFileType = text.plist.entitlements; path = myWidgetExtension.entitlements; sourceTree = "<group>"; };
/* End PBXFileReference section */

/* Begin PBXFrameworksBuildPhase section */
		349123D9289E0B5000718AB7 /* Frameworks */ = {
			isa = PBXFrameworksBuildPhase;
			buildActionMask = 2147483647;
			files = (
			);
			runOnlyForDeploymentPostprocessing = 0;
		};
		C63A3B3B2822A26400FBCF96 /* Frameworks */ = {
			isa = PBXFrameworksBuildPhase;
			buildActionMask = 2147483647;
			files = (
				C679DCD7282A215B00D87E97 /* FirebaseMessaging in Frameworks */,
				C679DCD5282A215B00D87E97 /* FirebaseAnalytics in Frameworks */,
			);
			runOnlyForDeploymentPostprocessing = 0;
		};
		C63A3B502822A2D300FBCF96 /* Frameworks */ = {
			isa = PBXFrameworksBuildPhase;
			buildActionMask = 2147483647;
			files = (
				C63A3B582822A2D300FBCF96 /* SwiftUI.framework in Frameworks */,
				C63A3B562822A2D300FBCF96 /* WidgetKit.framework in Frameworks */,
			);
			runOnlyForDeploymentPostprocessing = 0;
		};
/* End PBXFrameworksBuildPhase section */

/* Begin PBXGroup section */
		349123D5289E0B4E00718AB7 /* POSmealWatch */ = {
			isa = PBXGroup;
			children = (
				349123D6289E0B5000718AB7 /* Assets.xcassets */,
			);
			path = POSmealWatch;
			sourceTree = "<group>";
		};
		349123E0289E0B5000718AB7 /* POSmealWatch WatchKit Extension */ = {
			isa = PBXGroup;
			children = (
				349123E1289E0B5000718AB7 /* _______App.swift */,
				349123FF289E10F900718AB7 /* ContentView.swift */,
				34912407289E134A00718AB7 /* Watch_MenuView.swift */,
				34B4B05C28A3B091005A17CC /* SettingView.swift */,
				349123E5289E0B5000718AB7 /* NotificationController.swift */,
				349123E7289E0B5000718AB7 /* NotificationView.swift */,
				349123E9289E0B5000718AB7 /* ComplicationController.swift */,
				349123EB289E0B5100718AB7 /* Assets.xcassets */,
				349123F0289E0B5100718AB7 /* Info.plist */,
				349123F1289E0B5100718AB7 /* PushNotificationPayload.apns */,
				349123ED289E0B5100718AB7 /* Preview Content */,
			);
			path = "POSmealWatch WatchKit Extension";
			sourceTree = "<group>";
		};
		349123ED289E0B5100718AB7 /* Preview Content */ = {
			isa = PBXGroup;
			children = (
				349123EE289E0B5100718AB7 /* Preview Assets.xcassets */,
			);
			path = "Preview Content";
			sourceTree = "<group>";
		};
		C63A3B352822A26400FBCF96 = {
			isa = PBXGroup;
			children = (
				C6CC134D2822A9CD00D3EA1A /* myWidgetExtension.entitlements */,
				C63A3B402822A26400FBCF96 /* widgetProject */,
				C63A3B592822A2D300FBCF96 /* myWidget */,
				349123D5289E0B4E00718AB7 /* POSmealWatch */,
				349123E0289E0B5000718AB7 /* POSmealWatch WatchKit Extension */,
				C63A3B542822A2D300FBCF96 /* Frameworks */,
				C63A3B3F2822A26400FBCF96 /* Products */,
			);
			sourceTree = "<group>";
		};
		C63A3B3F2822A26400FBCF96 /* Products */ = {
			isa = PBXGroup;
			children = (
				C63A3B3E2822A26400FBCF96 /* 포스밀.app */,
				C63A3B532822A2D300FBCF96 /* posmealWidgetExtension.appex */,
				349123D4289E0B4E00718AB7 /* POSmealWatch.app */,
				349123DC289E0B5000718AB7 /* POSmealWatch WatchKit Extension.appex */,
			);
			name = Products;
			sourceTree = "<group>";
		};
		C63A3B402822A26400FBCF96 /* widgetProject */ = {
			isa = PBXGroup;
			children = (
				C6CC134C2822A97000D3EA1A /* widgetProject.entitlements */,
				C64C9B52288BC48600DA1238 /* Resources */,
				C64C9B51288BC47000DA1238 /* Views */,
				C64C9B50288BC45F00DA1238 /* Managers */,
				C64C9B53288BC4B000DA1238 /* Models */,
				C64C9B4B288B952600DA1238 /* Extensions */,
				C679DCD1282A1AD400D87E97 /* GoogleService-Info.plist */,
			);
			path = widgetProject;
			sourceTree = "<group>";
		};
		C63A3B472822A26400FBCF96 /* Preview Content */ = {
			isa = PBXGroup;
			children = (
				C63A3B482822A26400FBCF96 /* Preview Assets.xcassets */,
			);
			path = "Preview Content";
			sourceTree = "<group>";
		};
		C63A3B542822A2D300FBCF96 /* Frameworks */ = {
			isa = PBXGroup;
			children = (
				C63A3B552822A2D300FBCF96 /* WidgetKit.framework */,
				C63A3B572822A2D300FBCF96 /* SwiftUI.framework */,
			);
			name = Frameworks;
			sourceTree = "<group>";
		};
		C63A3B592822A2D300FBCF96 /* myWidget */ = {
			isa = PBXGroup;
			children = (
				C63A3B5A2822A2D300FBCF96 /* myWidget.swift */,
				C6A9C617288C01F8006F99B1 /* Views */,
				C63A3B5C2822A2D400FBCF96 /* Assets.xcassets */,
				C63A3B5E2822A2D400FBCF96 /* Info.plist */,
			);
			path = myWidget;
			sourceTree = "<group>";
		};
		C64C9B4B288B952600DA1238 /* Extensions */ = {
			isa = PBXGroup;
			children = (
				C64C9B4C288B953200DA1238 /* Color+.swift */,
			);
			path = Extensions;
			sourceTree = "<group>";
		};
		C64C9B50288BC45F00DA1238 /* Managers */ = {
			isa = PBXGroup;
			children = (
				C6CC13462822A72000D3EA1A /* Network.swift */,
				C6030109288C47E50094C3AD /* TimeManager.swift */,
			);
			path = Managers;
			sourceTree = "<group>";
		};
		C64C9B51288BC47000DA1238 /* Views */ = {
			isa = PBXGroup;
			children = (
				C65FDDAB2823AFFA00BE164E /* OnBoardingViews */,
				C63A3B432822A26400FBCF96 /* ContentView.swift */,
				C6CB935328258252005D143E /* MenuView.swift */,
			);
			path = Views;
			sourceTree = "<group>";
		};
		C64C9B52288BC48600DA1238 /* Resources */ = {
			isa = PBXGroup;
			children = (
				C63A3B452822A26400FBCF96 /* Assets.xcassets */,
				C63A3B472822A26400FBCF96 /* Preview Content */,
				C6947820282A93980087F11C /* AppDelegate.swift */,
				C63A3B412822A26400FBCF96 /* widgetProjectApp.swift */,
			);
			path = Resources;
			sourceTree = "<group>";
		};
		C64C9B53288BC4B000DA1238 /* Models */ = {
			isa = PBXGroup;
			children = (
				C6CC13482822A75400D3EA1A /* MenuModel.swift */,
			);
			path = Models;
			sourceTree = "<group>";
		};
		C65FDDAB2823AFFA00BE164E /* OnBoardingViews */ = {
			isa = PBXGroup;
			children = (
				C65FDDAE2823B0BB00BE164E /* OnBoardingTabView.swift */,
				C65FDDB02823B0D800BE164E /* OnBoardingPageView.swift */,
				C65FDDB22823B0E600BE164E /* OnBoardingLastPageView.swift */,
			);
			path = OnBoardingViews;
			sourceTree = "<group>";
		};
		C6A9C617288C01F8006F99B1 /* Views */ = {
			isa = PBXGroup;
			children = (
				C6A9C621288C03DA006F99B1 /* PosmealEntryView.swift */,
				C6A9C618288C02D9006F99B1 /* WidgetSmallCardView.swift */,
				C6A9C61B288C038D006F99B1 /* WidgetMediumCardView.swift */,
				C6A9C61D288C03B3006F99B1 /* WidgetLargeCardView.swift */,
			);
			path = Views;
			sourceTree = "<group>";
		};
/* End PBXGroup section */

/* Begin PBXNativeTarget section */
		349123D3289E0B4E00718AB7 /* POSmealWatch */ = {
			isa = PBXNativeTarget;
			buildConfigurationList = 349123F9289E0B5100718AB7 /* Build configuration list for PBXNativeTarget "POSmealWatch" */;
			buildPhases = (
				349123D2289E0B4E00718AB7 /* Resources */,
				349123F8289E0B5100718AB7 /* Embed App Extensions */,
			);
			buildRules = (
			);
			dependencies = (
				349123DF289E0B5000718AB7 /* PBXTargetDependency */,
			);
			name = POSmealWatch;
			productName = POSmealWatch;
			productReference = 349123D4289E0B4E00718AB7 /* POSmealWatch.app */;
			productType = "com.apple.product-type.application.watchapp2";
		};
		349123DB289E0B5000718AB7 /* POSmealWatch WatchKit Extension */ = {
			isa = PBXNativeTarget;
			buildConfigurationList = 349123F5289E0B5100718AB7 /* Build configuration list for PBXNativeTarget "POSmealWatch WatchKit Extension" */;
			buildPhases = (
				349123D8289E0B5000718AB7 /* Sources */,
				349123D9289E0B5000718AB7 /* Frameworks */,
				349123DA289E0B5000718AB7 /* Resources */,
			);
			buildRules = (
			);
			dependencies = (
			);
			name = "POSmealWatch WatchKit Extension";
			productName = "POSmealWatch WatchKit Extension";
			productReference = 349123DC289E0B5000718AB7 /* POSmealWatch WatchKit Extension.appex */;
			productType = "com.apple.product-type.watchkit2-extension";
		};
		C63A3B3D2822A26400FBCF96 /* 포스밀 */ = {
			isa = PBXNativeTarget;
			buildConfigurationList = C63A3B4C2822A26400FBCF96 /* Build configuration list for PBXNativeTarget "포스밀" */;
			buildPhases = (
				C63A3B3A2822A26400FBCF96 /* Sources */,
				C63A3B3B2822A26400FBCF96 /* Frameworks */,
				C63A3B3C2822A26400FBCF96 /* Resources */,
				C63A3B652822A2D400FBCF96 /* Embed App Extensions */,
				349123FC289E0B5100718AB7 /* Embed Watch Content */,
			);
			buildRules = (
			);
			dependencies = (
				C63A3B602822A2D400FBCF96 /* PBXTargetDependency */,
				349123F3289E0B5100718AB7 /* PBXTargetDependency */,
			);
			name = "포스밀";
			packageProductDependencies = (
				C679DCD4282A215B00D87E97 /* FirebaseAnalytics */,
				C679DCD6282A215B00D87E97 /* FirebaseMessaging */,
			);
			productName = widgetProject;
			productReference = C63A3B3E2822A26400FBCF96 /* 포스밀.app */;
			productType = "com.apple.product-type.application";
		};
		C63A3B522822A2D300FBCF96 /* posmealWidgetExtension */ = {
			isa = PBXNativeTarget;
			buildConfigurationList = C63A3B622822A2D400FBCF96 /* Build configuration list for PBXNativeTarget "posmealWidgetExtension" */;
			buildPhases = (
				C63A3B4F2822A2D300FBCF96 /* Sources */,
				C63A3B502822A2D300FBCF96 /* Frameworks */,
				C63A3B512822A2D300FBCF96 /* Resources */,
			);
			buildRules = (
			);
			dependencies = (
			);
			name = posmealWidgetExtension;
			productName = myWidgetExtension;
			productReference = C63A3B532822A2D300FBCF96 /* posmealWidgetExtension.appex */;
			productType = "com.apple.product-type.app-extension";
		};
/* End PBXNativeTarget section */

/* Begin PBXProject section */
		C63A3B362822A26400FBCF96 /* Project object */ = {
			isa = PBXProject;
			attributes = {
				BuildIndependentTargetsInParallel = 1;
				LastSwiftUpdateCheck = 1340;
				LastUpgradeCheck = 1330;
				TargetAttributes = {
					349123D3289E0B4E00718AB7 = {
						CreatedOnToolsVersion = 13.4.1;
					};
					349123DB289E0B5000718AB7 = {
						CreatedOnToolsVersion = 13.4.1;
					};
					C63A3B3D2822A26400FBCF96 = {
						CreatedOnToolsVersion = 13.3.1;
					};
					C63A3B522822A2D300FBCF96 = {
						CreatedOnToolsVersion = 13.3.1;
					};
				};
			};
			buildConfigurationList = C63A3B392822A26400FBCF96 /* Build configuration list for PBXProject "포스밀" */;
			compatibilityVersion = "Xcode 13.0";
			developmentRegion = en;
			hasScannedForEncodings = 0;
			knownRegions = (
				en,
				Base,
			);
			mainGroup = C63A3B352822A26400FBCF96;
			packageReferences = (
				C679DCD3282A215B00D87E97 /* XCRemoteSwiftPackageReference "firebase-ios-sdk" */,
			);
			productRefGroup = C63A3B3F2822A26400FBCF96 /* Products */;
			projectDirPath = "";
			projectRoot = "";
			targets = (
				C63A3B3D2822A26400FBCF96 /* 포스밀 */,
				C63A3B522822A2D300FBCF96 /* posmealWidgetExtension */,
				349123D3289E0B4E00718AB7 /* POSmealWatch */,
				349123DB289E0B5000718AB7 /* POSmealWatch WatchKit Extension */,
			);
		};
/* End PBXProject section */

/* Begin PBXResourcesBuildPhase section */
		349123D2289E0B4E00718AB7 /* Resources */ = {
			isa = PBXResourcesBuildPhase;
			buildActionMask = 2147483647;
			files = (
				349123D7289E0B5000718AB7 /* Assets.xcassets in Resources */,
			);
			runOnlyForDeploymentPostprocessing = 0;
		};
		349123DA289E0B5000718AB7 /* Resources */ = {
			isa = PBXResourcesBuildPhase;
			buildActionMask = 2147483647;
			files = (
				349123EF289E0B5100718AB7 /* Preview Assets.xcassets in Resources */,
				349123EC289E0B5100718AB7 /* Assets.xcassets in Resources */,
			);
			runOnlyForDeploymentPostprocessing = 0;
		};
		C63A3B3C2822A26400FBCF96 /* Resources */ = {
			isa = PBXResourcesBuildPhase;
			buildActionMask = 2147483647;
			files = (
				C63A3B492822A26400FBCF96 /* Preview Assets.xcassets in Resources */,
				C63A3B462822A26400FBCF96 /* Assets.xcassets in Resources */,
				C679DCD2282A1AD400D87E97 /* GoogleService-Info.plist in Resources */,
			);
			runOnlyForDeploymentPostprocessing = 0;
		};
		C63A3B512822A2D300FBCF96 /* Resources */ = {
			isa = PBXResourcesBuildPhase;
			buildActionMask = 2147483647;
			files = (
				C64C9B4E288B9AE500DA1238 /* Assets.xcassets in Resources */,
				C63A3B5D2822A2D400FBCF96 /* Assets.xcassets in Resources */,
			);
			runOnlyForDeploymentPostprocessing = 0;
		};
/* End PBXResourcesBuildPhase section */

/* Begin PBXSourcesBuildPhase section */
		349123D8289E0B5000718AB7 /* Sources */ = {
			isa = PBXSourcesBuildPhase;
			buildActionMask = 2147483647;
			files = (
				34912404289E116E00718AB7 /* Color+.swift in Sources */,
				34912405289E120B00718AB7 /* MenuModel.swift in Sources */,
				349123E6289E0B5000718AB7 /* NotificationController.swift in Sources */,
				349123FE289E0F3A00718AB7 /* Network.swift in Sources */,
				34912400289E10F900718AB7 /* ContentView.swift in Sources */,
				34912408289E134A00718AB7 /* Watch_MenuView.swift in Sources */,
				349123EA289E0B5000718AB7 /* ComplicationController.swift in Sources */,
				349123E2289E0B5000718AB7 /* _______App.swift in Sources */,
				34912406289E121100718AB7 /* TimeManager.swift in Sources */,
				349123E8289E0B5000718AB7 /* NotificationView.swift in Sources */,
				34B4B05D28A3B091005A17CC /* SettingView.swift in Sources */,
			);
			runOnlyForDeploymentPostprocessing = 0;
		};
		C63A3B3A2822A26400FBCF96 /* Sources */ = {
			isa = PBXSourcesBuildPhase;
			buildActionMask = 2147483647;
			files = (
				C65FDDB12823B0D800BE164E /* OnBoardingPageView.swift in Sources */,
				C6CC13492822A75400D3EA1A /* MenuModel.swift in Sources */,
				C65FDDAF2823B0BB00BE164E /* OnBoardingTabView.swift in Sources */,
				C6947821282A93980087F11C /* AppDelegate.swift in Sources */,
				C63A3B442822A26400FBCF96 /* ContentView.swift in Sources */,
				C603010A288C47E50094C3AD /* TimeManager.swift in Sources */,
				C64C9B4D288B953200DA1238 /* Color+.swift in Sources */,
				C63A3B422822A26400FBCF96 /* widgetProjectApp.swift in Sources */,
				C6CC13472822A72000D3EA1A /* Network.swift in Sources */,
				C65FDDB32823B0E600BE164E /* OnBoardingLastPageView.swift in Sources */,
				C6CB935428258252005D143E /* MenuView.swift in Sources */,
			);
			runOnlyForDeploymentPostprocessing = 0;
		};
		C63A3B4F2822A2D300FBCF96 /* Sources */ = {
			isa = PBXSourcesBuildPhase;
			buildActionMask = 2147483647;
			files = (
				C6A9C620288C03C5006F99B1 /* WidgetMediumCardView.swift in Sources */,
				C6A9C623288C03E8006F99B1 /* PosmealEntryView.swift in Sources */,
				C6A9C61F288C03C2006F99B1 /* WidgetLargeCardView.swift in Sources */,
				C64C9B49288B8D9600DA1238 /* MenuModel.swift in Sources */,
				C64C9B4F288BA72C00DA1238 /* Color+.swift in Sources */,
				C603010F288CA34B0094C3AD /* TimeManager.swift in Sources */,
				C63A3B5B2822A2D300FBCF96 /* myWidget.swift in Sources */,
				C64C9B4A288B8D9900DA1238 /* Network.swift in Sources */,
				C6A9C61A288C0379006F99B1 /* WidgetSmallCardView.swift in Sources */,
			);
			runOnlyForDeploymentPostprocessing = 0;
		};
/* End PBXSourcesBuildPhase section */

/* Begin PBXTargetDependency section */
		349123DF289E0B5000718AB7 /* PBXTargetDependency */ = {
			isa = PBXTargetDependency;
			target = 349123DB289E0B5000718AB7 /* POSmealWatch WatchKit Extension */;
			targetProxy = 349123DE289E0B5000718AB7 /* PBXContainerItemProxy */;
		};
		349123F3289E0B5100718AB7 /* PBXTargetDependency */ = {
			isa = PBXTargetDependency;
			target = 349123D3289E0B4E00718AB7 /* POSmealWatch */;
			targetProxy = 349123F2289E0B5100718AB7 /* PBXContainerItemProxy */;
		};
		C63A3B602822A2D400FBCF96 /* PBXTargetDependency */ = {
			isa = PBXTargetDependency;
			platformFilter = ios;
			target = C63A3B522822A2D300FBCF96 /* posmealWidgetExtension */;
			targetProxy = C63A3B5F2822A2D400FBCF96 /* PBXContainerItemProxy */;
		};
/* End PBXTargetDependency section */

/* Begin XCBuildConfiguration section */
		349123F6289E0B5100718AB7 /* Debug */ = {
			isa = XCBuildConfiguration;
			buildSettings = {
				ASSETCATALOG_COMPILER_COMPLICATION_NAME = Complication;
				CODE_SIGN_STYLE = Automatic;
				CURRENT_PROJECT_VERSION = 1;
				DEVELOPMENT_ASSET_PATHS = "\"POSmealWatch WatchKit Extension/Preview Content\"";
				DEVELOPMENT_TEAM = JPL38XBHJ4;
				ENABLE_PREVIEWS = YES;
				GENERATE_INFOPLIST_FILE = YES;
				INFOPLIST_FILE = "POSmealWatch WatchKit Extension/Info.plist";
				INFOPLIST_KEY_CFBundleDisplayName = "POSmealWatch WatchKit Extension";
				INFOPLIST_KEY_CLKComplicationPrincipalClass = POSmealWatch_WatchKit_Extension.ComplicationController;
				INFOPLIST_KEY_NSHumanReadableCopyright = "";
				LD_RUNPATH_SEARCH_PATHS = (
					"$(inherited)",
					"@executable_path/Frameworks",
					"@executable_path/../../Frameworks",
				);
				MARKETING_VERSION = 1.0.3;
				PRODUCT_BUNDLE_IDENTIFIER = com.kim.widgetProject.watchkitapp.watchkitextension;
				PRODUCT_NAME = "${TARGET_NAME}";
				SDKROOT = watchos;
				SKIP_INSTALL = YES;
				SWIFT_EMIT_LOC_STRINGS = YES;
				SWIFT_VERSION = 5.0;
				TARGETED_DEVICE_FAMILY = 4;
				WATCHOS_DEPLOYMENT_TARGET = 8.5;
			};
			name = Debug;
		};
		349123F7289E0B5100718AB7 /* Release */ = {
			isa = XCBuildConfiguration;
			buildSettings = {
				ASSETCATALOG_COMPILER_COMPLICATION_NAME = Complication;
				CODE_SIGN_STYLE = Automatic;
				CURRENT_PROJECT_VERSION = 1;
				DEVELOPMENT_ASSET_PATHS = "\"POSmealWatch WatchKit Extension/Preview Content\"";
				DEVELOPMENT_TEAM = JPL38XBHJ4;
				ENABLE_PREVIEWS = YES;
				GENERATE_INFOPLIST_FILE = YES;
				INFOPLIST_FILE = "POSmealWatch WatchKit Extension/Info.plist";
				INFOPLIST_KEY_CFBundleDisplayName = "POSmealWatch WatchKit Extension";
				INFOPLIST_KEY_CLKComplicationPrincipalClass = POSmealWatch_WatchKit_Extension.ComplicationController;
				INFOPLIST_KEY_NSHumanReadableCopyright = "";
				LD_RUNPATH_SEARCH_PATHS = (
					"$(inherited)",
					"@executable_path/Frameworks",
					"@executable_path/../../Frameworks",
				);
				MARKETING_VERSION = 1.0.3;
				PRODUCT_BUNDLE_IDENTIFIER = com.kim.widgetProject.watchkitapp.watchkitextension;
				PRODUCT_NAME = "${TARGET_NAME}";
				SDKROOT = watchos;
				SKIP_INSTALL = YES;
				SWIFT_EMIT_LOC_STRINGS = YES;
				SWIFT_VERSION = 5.0;
				TARGETED_DEVICE_FAMILY = 4;
				WATCHOS_DEPLOYMENT_TARGET = 8.5;
			};
			name = Release;
		};
		349123FA289E0B5100718AB7 /* Debug */ = {
			isa = XCBuildConfiguration;
			buildSettings = {
				ALWAYS_EMBED_SWIFT_STANDARD_LIBRARIES = YES;
				ASSETCATALOG_COMPILER_APPICON_NAME = AppIcon;
				ASSETCATALOG_COMPILER_GLOBAL_ACCENT_COLOR_NAME = AccentColor;
				CODE_SIGN_STYLE = Automatic;
				CURRENT_PROJECT_VERSION = 1;
				DEVELOPMENT_TEAM = JPL38XBHJ4;
				GENERATE_INFOPLIST_FILE = YES;
				IBSC_MODULE = POSmealWatch_WatchKit_Extension;
				INFOPLIST_KEY_CFBundleDisplayName = POSmealWatch;
				INFOPLIST_KEY_UISupportedInterfaceOrientations = "UIInterfaceOrientationPortrait UIInterfaceOrientationPortraitUpsideDown";
				INFOPLIST_KEY_WKCompanionAppBundleIdentifier = com.kim.widgetProject;
				MARKETING_VERSION = 1.0.3;
				PRODUCT_BUNDLE_IDENTIFIER = com.kim.widgetProject.watchkitapp;
				PRODUCT_NAME = "$(TARGET_NAME)";
				SDKROOT = watchos;
				SKIP_INSTALL = YES;
				SWIFT_EMIT_LOC_STRINGS = YES;
				SWIFT_VERSION = 5.0;
				TARGETED_DEVICE_FAMILY = 4;
				WATCHOS_DEPLOYMENT_TARGET = 8.5;
			};
			name = Debug;
		};
		349123FB289E0B5100718AB7 /* Release */ = {
			isa = XCBuildConfiguration;
			buildSettings = {
				ALWAYS_EMBED_SWIFT_STANDARD_LIBRARIES = YES;
				ASSETCATALOG_COMPILER_APPICON_NAME = AppIcon;
				ASSETCATALOG_COMPILER_GLOBAL_ACCENT_COLOR_NAME = AccentColor;
				CODE_SIGN_STYLE = Automatic;
				CURRENT_PROJECT_VERSION = 1;
				DEVELOPMENT_TEAM = JPL38XBHJ4;
				GENERATE_INFOPLIST_FILE = YES;
				IBSC_MODULE = POSmealWatch_WatchKit_Extension;
				INFOPLIST_KEY_CFBundleDisplayName = POSmealWatch;
				INFOPLIST_KEY_UISupportedInterfaceOrientations = "UIInterfaceOrientationPortrait UIInterfaceOrientationPortraitUpsideDown";
				INFOPLIST_KEY_WKCompanionAppBundleIdentifier = com.kim.widgetProject;
				MARKETING_VERSION = 1.0.3;
				PRODUCT_BUNDLE_IDENTIFIER = com.kim.widgetProject.watchkitapp;
				PRODUCT_NAME = "$(TARGET_NAME)";
				SDKROOT = watchos;
				SKIP_INSTALL = YES;
				SWIFT_EMIT_LOC_STRINGS = YES;
				SWIFT_VERSION = 5.0;
				TARGETED_DEVICE_FAMILY = 4;
				WATCHOS_DEPLOYMENT_TARGET = 8.5;
			};
			name = Release;
		};
		C63A3B4A2822A26400FBCF96 /* Debug */ = {
			isa = XCBuildConfiguration;
			buildSettings = {
				ALWAYS_SEARCH_USER_PATHS = NO;
				CLANG_ANALYZER_NONNULL = YES;
				CLANG_ANALYZER_NUMBER_OBJECT_CONVERSION = YES_AGGRESSIVE;
				CLANG_CXX_LANGUAGE_STANDARD = "gnu++17";
				CLANG_ENABLE_MODULES = YES;
				CLANG_ENABLE_OBJC_ARC = YES;
				CLANG_ENABLE_OBJC_WEAK = YES;
				CLANG_WARN_BLOCK_CAPTURE_AUTORELEASING = YES;
				CLANG_WARN_BOOL_CONVERSION = YES;
				CLANG_WARN_COMMA = YES;
				CLANG_WARN_CONSTANT_CONVERSION = YES;
				CLANG_WARN_DEPRECATED_OBJC_IMPLEMENTATIONS = YES;
				CLANG_WARN_DIRECT_OBJC_ISA_USAGE = YES_ERROR;
				CLANG_WARN_DOCUMENTATION_COMMENTS = YES;
				CLANG_WARN_EMPTY_BODY = YES;
				CLANG_WARN_ENUM_CONVERSION = YES;
				CLANG_WARN_INFINITE_RECURSION = YES;
				CLANG_WARN_INT_CONVERSION = YES;
				CLANG_WARN_NON_LITERAL_NULL_CONVERSION = YES;
				CLANG_WARN_OBJC_IMPLICIT_RETAIN_SELF = YES;
				CLANG_WARN_OBJC_LITERAL_CONVERSION = YES;
				CLANG_WARN_OBJC_ROOT_CLASS = YES_ERROR;
				CLANG_WARN_QUOTED_INCLUDE_IN_FRAMEWORK_HEADER = YES;
				CLANG_WARN_RANGE_LOOP_ANALYSIS = YES;
				CLANG_WARN_STRICT_PROTOTYPES = YES;
				CLANG_WARN_SUSPICIOUS_MOVE = YES;
				CLANG_WARN_UNGUARDED_AVAILABILITY = YES_AGGRESSIVE;
				CLANG_WARN_UNREACHABLE_CODE = YES;
				CLANG_WARN__DUPLICATE_METHOD_MATCH = YES;
				COPY_PHASE_STRIP = NO;
				DEBUG_INFORMATION_FORMAT = dwarf;
				ENABLE_STRICT_OBJC_MSGSEND = YES;
				ENABLE_TESTABILITY = YES;
				GCC_C_LANGUAGE_STANDARD = gnu11;
				GCC_DYNAMIC_NO_PIC = NO;
				GCC_NO_COMMON_BLOCKS = YES;
				GCC_OPTIMIZATION_LEVEL = 0;
				GCC_PREPROCESSOR_DEFINITIONS = (
					"DEBUG=1",
					"$(inherited)",
				);
				GCC_WARN_64_TO_32_BIT_CONVERSION = YES;
				GCC_WARN_ABOUT_RETURN_TYPE = YES_ERROR;
				GCC_WARN_UNDECLARED_SELECTOR = YES;
				GCC_WARN_UNINITIALIZED_AUTOS = YES_AGGRESSIVE;
				GCC_WARN_UNUSED_FUNCTION = YES;
				GCC_WARN_UNUSED_VARIABLE = YES;
				IPHONEOS_DEPLOYMENT_TARGET = 15.0;
				MTL_ENABLE_DEBUG_INFO = INCLUDE_SOURCE;
				MTL_FAST_MATH = YES;
				ONLY_ACTIVE_ARCH = YES;
				SDKROOT = iphoneos;
				SWIFT_ACTIVE_COMPILATION_CONDITIONS = DEBUG;
				SWIFT_OPTIMIZATION_LEVEL = "-Onone";
			};
			name = Debug;
		};
		C63A3B4B2822A26400FBCF96 /* Release */ = {
			isa = XCBuildConfiguration;
			buildSettings = {
				ALWAYS_SEARCH_USER_PATHS = NO;
				CLANG_ANALYZER_NONNULL = YES;
				CLANG_ANALYZER_NUMBER_OBJECT_CONVERSION = YES_AGGRESSIVE;
				CLANG_CXX_LANGUAGE_STANDARD = "gnu++17";
				CLANG_ENABLE_MODULES = YES;
				CLANG_ENABLE_OBJC_ARC = YES;
				CLANG_ENABLE_OBJC_WEAK = YES;
				CLANG_WARN_BLOCK_CAPTURE_AUTORELEASING = YES;
				CLANG_WARN_BOOL_CONVERSION = YES;
				CLANG_WARN_COMMA = YES;
				CLANG_WARN_CONSTANT_CONVERSION = YES;
				CLANG_WARN_DEPRECATED_OBJC_IMPLEMENTATIONS = YES;
				CLANG_WARN_DIRECT_OBJC_ISA_USAGE = YES_ERROR;
				CLANG_WARN_DOCUMENTATION_COMMENTS = YES;
				CLANG_WARN_EMPTY_BODY = YES;
				CLANG_WARN_ENUM_CONVERSION = YES;
				CLANG_WARN_INFINITE_RECURSION = YES;
				CLANG_WARN_INT_CONVERSION = YES;
				CLANG_WARN_NON_LITERAL_NULL_CONVERSION = YES;
				CLANG_WARN_OBJC_IMPLICIT_RETAIN_SELF = YES;
				CLANG_WARN_OBJC_LITERAL_CONVERSION = YES;
				CLANG_WARN_OBJC_ROOT_CLASS = YES_ERROR;
				CLANG_WARN_QUOTED_INCLUDE_IN_FRAMEWORK_HEADER = YES;
				CLANG_WARN_RANGE_LOOP_ANALYSIS = YES;
				CLANG_WARN_STRICT_PROTOTYPES = YES;
				CLANG_WARN_SUSPICIOUS_MOVE = YES;
				CLANG_WARN_UNGUARDED_AVAILABILITY = YES_AGGRESSIVE;
				CLANG_WARN_UNREACHABLE_CODE = YES;
				CLANG_WARN__DUPLICATE_METHOD_MATCH = YES;
				COPY_PHASE_STRIP = NO;
				DEBUG_INFORMATION_FORMAT = "dwarf-with-dsym";
				ENABLE_NS_ASSERTIONS = NO;
				ENABLE_STRICT_OBJC_MSGSEND = YES;
				GCC_C_LANGUAGE_STANDARD = gnu11;
				GCC_NO_COMMON_BLOCKS = YES;
				GCC_WARN_64_TO_32_BIT_CONVERSION = YES;
				GCC_WARN_ABOUT_RETURN_TYPE = YES_ERROR;
				GCC_WARN_UNDECLARED_SELECTOR = YES;
				GCC_WARN_UNINITIALIZED_AUTOS = YES_AGGRESSIVE;
				GCC_WARN_UNUSED_FUNCTION = YES;
				GCC_WARN_UNUSED_VARIABLE = YES;
				IPHONEOS_DEPLOYMENT_TARGET = 15.0;
				MTL_ENABLE_DEBUG_INFO = NO;
				MTL_FAST_MATH = YES;
				SDKROOT = iphoneos;
				SWIFT_COMPILATION_MODE = wholemodule;
				SWIFT_OPTIMIZATION_LEVEL = "-O";
				VALIDATE_PRODUCT = YES;
			};
			name = Release;
		};
		C63A3B4D2822A26400FBCF96 /* Debug */ = {
			isa = XCBuildConfiguration;
			buildSettings = {
				ALWAYS_EMBED_SWIFT_STANDARD_LIBRARIES = YES;
				ASSETCATALOG_COMPILER_APPICON_NAME = AppIcon;
				ASSETCATALOG_COMPILER_GLOBAL_ACCENT_COLOR_NAME = AccentColor;
				CODE_SIGN_ENTITLEMENTS = widgetProject/widgetProject.entitlements;
				CODE_SIGN_STYLE = Automatic;
				CURRENT_PROJECT_VERSION = 1;
				DEVELOPMENT_ASSET_PATHS = "\"widgetProject/Resources/Preview Content\"";
				DEVELOPMENT_TEAM = JPL38XBHJ4;
				ENABLE_PREVIEWS = YES;
				GENERATE_INFOPLIST_FILE = YES;
				INFOPLIST_FILE = "--------Info.plist";
				INFOPLIST_KEY_UIApplicationSceneManifest_Generation = YES;
				INFOPLIST_KEY_UIApplicationSupportsIndirectInputEvents = YES;
				INFOPLIST_KEY_UILaunchScreen_Generation = YES;
				INFOPLIST_KEY_UISupportedInterfaceOrientations = "UIInterfaceOrientationPortrait UIInterfaceOrientationPortraitUpsideDown";
				INFOPLIST_KEY_UISupportedInterfaceOrientations_iPad = "UIInterfaceOrientationPortrait UIInterfaceOrientationPortraitUpsideDown";
				INFOPLIST_KEY_UISupportedInterfaceOrientations_iPhone = "UIInterfaceOrientationPortrait UIInterfaceOrientationLandscapeLeft UIInterfaceOrientationLandscapeRight";
				LD_RUNPATH_SEARCH_PATHS = (
					"$(inherited)",
					"@executable_path/Frameworks",
				);
				MARKETING_VERSION = 1.0.3;
				PRODUCT_BUNDLE_IDENTIFIER = com.kim.widgetProject;
				PRODUCT_NAME = "포스밀";
				SUPPORTS_MACCATALYST = NO;
				SWIFT_EMIT_LOC_STRINGS = YES;
				SWIFT_VERSION = 5.0;
				TARGETED_DEVICE_FAMILY = 1;
			};
			name = Debug;
		};
		C63A3B4E2822A26400FBCF96 /* Release */ = {
			isa = XCBuildConfiguration;
			buildSettings = {
				ALWAYS_EMBED_SWIFT_STANDARD_LIBRARIES = YES;
				ASSETCATALOG_COMPILER_APPICON_NAME = AppIcon;
				ASSETCATALOG_COMPILER_GLOBAL_ACCENT_COLOR_NAME = AccentColor;
				CODE_SIGN_ENTITLEMENTS = widgetProject/widgetProject.entitlements;
				CODE_SIGN_STYLE = Automatic;
				CURRENT_PROJECT_VERSION = 1;
				DEVELOPMENT_ASSET_PATHS = "\"widgetProject/Resources/Preview Content\"";
				DEVELOPMENT_TEAM = JPL38XBHJ4;
				ENABLE_PREVIEWS = YES;
				GENERATE_INFOPLIST_FILE = YES;
				INFOPLIST_FILE = "--------Info.plist";
				INFOPLIST_KEY_UIApplicationSceneManifest_Generation = YES;
				INFOPLIST_KEY_UIApplicationSupportsIndirectInputEvents = YES;
				INFOPLIST_KEY_UILaunchScreen_Generation = YES;
				INFOPLIST_KEY_UISupportedInterfaceOrientations = "UIInterfaceOrientationPortrait UIInterfaceOrientationPortraitUpsideDown";
				INFOPLIST_KEY_UISupportedInterfaceOrientations_iPad = "UIInterfaceOrientationPortrait UIInterfaceOrientationPortraitUpsideDown";
				INFOPLIST_KEY_UISupportedInterfaceOrientations_iPhone = "UIInterfaceOrientationPortrait UIInterfaceOrientationLandscapeLeft UIInterfaceOrientationLandscapeRight";
				LD_RUNPATH_SEARCH_PATHS = (
					"$(inherited)",
					"@executable_path/Frameworks",
				);
				MARKETING_VERSION = 1.0.3;
				PRODUCT_BUNDLE_IDENTIFIER = com.kim.widgetProject;
				PRODUCT_NAME = "포스밀";
				SUPPORTS_MACCATALYST = NO;
				SWIFT_EMIT_LOC_STRINGS = YES;
				SWIFT_VERSION = 5.0;
				TARGETED_DEVICE_FAMILY = 1;
			};
			name = Release;
		};
		C63A3B632822A2D400FBCF96 /* Debug */ = {
			isa = XCBuildConfiguration;
			buildSettings = {
				ASSETCATALOG_COMPILER_GLOBAL_ACCENT_COLOR_NAME = AccentColor;
				ASSETCATALOG_COMPILER_WIDGET_BACKGROUND_COLOR_NAME = WidgetBackground;
				CODE_SIGN_ENTITLEMENTS = myWidgetExtension.entitlements;
				CODE_SIGN_STYLE = Automatic;
				CURRENT_PROJECT_VERSION = 1;
				DEVELOPMENT_TEAM = JPL38XBHJ4;
				GENERATE_INFOPLIST_FILE = YES;
				INFOPLIST_FILE = myWidget/Info.plist;
				INFOPLIST_KEY_CFBundleDisplayName = "포스밀";
				INFOPLIST_KEY_NSHumanReadableCopyright = "";
				LD_RUNPATH_SEARCH_PATHS = (
					"$(inherited)",
					"@executable_path/Frameworks",
					"@executable_path/../../Frameworks",
				);
				MARKETING_VERSION = 1.0.3;
				PRODUCT_BUNDLE_IDENTIFIER = com.kim.widgetProject.myWidget;
				PRODUCT_NAME = "$(TARGET_NAME)";
				SKIP_INSTALL = YES;
				SUPPORTS_MACCATALYST = NO;
				SWIFT_EMIT_LOC_STRINGS = YES;
				SWIFT_VERSION = 5.0;
				TARGETED_DEVICE_FAMILY = 1;
			};
			name = Debug;
		};
		C63A3B642822A2D400FBCF96 /* Release */ = {
			isa = XCBuildConfiguration;
			buildSettings = {
				ASSETCATALOG_COMPILER_GLOBAL_ACCENT_COLOR_NAME = AccentColor;
				ASSETCATALOG_COMPILER_WIDGET_BACKGROUND_COLOR_NAME = WidgetBackground;
				CODE_SIGN_ENTITLEMENTS = myWidgetExtension.entitlements;
				CODE_SIGN_STYLE = Automatic;
				CURRENT_PROJECT_VERSION = 1;
				DEVELOPMENT_TEAM = JPL38XBHJ4;
				GENERATE_INFOPLIST_FILE = YES;
				INFOPLIST_FILE = myWidget/Info.plist;
				INFOPLIST_KEY_CFBundleDisplayName = "포스밀";
				INFOPLIST_KEY_NSHumanReadableCopyright = "";
				LD_RUNPATH_SEARCH_PATHS = (
					"$(inherited)",
					"@executable_path/Frameworks",
					"@executable_path/../../Frameworks",
				);
				MARKETING_VERSION = 1.0.3;
				PRODUCT_BUNDLE_IDENTIFIER = com.kim.widgetProject.myWidget;
				PRODUCT_NAME = "$(TARGET_NAME)";
				SKIP_INSTALL = YES;
				SUPPORTS_MACCATALYST = NO;
				SWIFT_EMIT_LOC_STRINGS = YES;
				SWIFT_VERSION = 5.0;
				TARGETED_DEVICE_FAMILY = 1;
			};
			name = Release;
		};
/* End XCBuildConfiguration section */

/* Begin XCConfigurationList section */
		349123F5289E0B5100718AB7 /* Build configuration list for PBXNativeTarget "POSmealWatch WatchKit Extension" */ = {
			isa = XCConfigurationList;
			buildConfigurations = (
				349123F6289E0B5100718AB7 /* Debug */,
				349123F7289E0B5100718AB7 /* Release */,
			);
			defaultConfigurationIsVisible = 0;
			defaultConfigurationName = Release;
		};
		349123F9289E0B5100718AB7 /* Build configuration list for PBXNativeTarget "POSmealWatch" */ = {
			isa = XCConfigurationList;
			buildConfigurations = (
				349123FA289E0B5100718AB7 /* Debug */,
				349123FB289E0B5100718AB7 /* Release */,
			);
			defaultConfigurationIsVisible = 0;
			defaultConfigurationName = Release;
		};
		C63A3B392822A26400FBCF96 /* Build configuration list for PBXProject "포스밀" */ = {
			isa = XCConfigurationList;
			buildConfigurations = (
				C63A3B4A2822A26400FBCF96 /* Debug */,
				C63A3B4B2822A26400FBCF96 /* Release */,
			);
			defaultConfigurationIsVisible = 0;
			defaultConfigurationName = Release;
		};
		C63A3B4C2822A26400FBCF96 /* Build configuration list for PBXNativeTarget "포스밀" */ = {
			isa = XCConfigurationList;
			buildConfigurations = (
				C63A3B4D2822A26400FBCF96 /* Debug */,
				C63A3B4E2822A26400FBCF96 /* Release */,
			);
			defaultConfigurationIsVisible = 0;
			defaultConfigurationName = Release;
		};
		C63A3B622822A2D400FBCF96 /* Build configuration list for PBXNativeTarget "posmealWidgetExtension" */ = {
			isa = XCConfigurationList;
			buildConfigurations = (
				C63A3B632822A2D400FBCF96 /* Debug */,
				C63A3B642822A2D400FBCF96 /* Release */,
			);
			defaultConfigurationIsVisible = 0;
			defaultConfigurationName = Release;
		};
/* End XCConfigurationList section */

/* Begin XCRemoteSwiftPackageReference section */
		C679DCD3282A215B00D87E97 /* XCRemoteSwiftPackageReference "firebase-ios-sdk" */ = {
			isa = XCRemoteSwiftPackageReference;
			repositoryURL = "https://github.com/firebase/firebase-ios-sdk.git";
			requirement = {
				kind = upToNextMajorVersion;
				minimumVersion = 9.0.0;
			};
		};
/* End XCRemoteSwiftPackageReference section */

/* Begin XCSwiftPackageProductDependency section */
		C679DCD4282A215B00D87E97 /* FirebaseAnalytics */ = {
			isa = XCSwiftPackageProductDependency;
			package = C679DCD3282A215B00D87E97 /* XCRemoteSwiftPackageReference "firebase-ios-sdk" */;
			productName = FirebaseAnalytics;
		};
		C679DCD6282A215B00D87E97 /* FirebaseMessaging */ = {
			isa = XCSwiftPackageProductDependency;
			package = C679DCD3282A215B00D87E97 /* XCRemoteSwiftPackageReference "firebase-ios-sdk" */;
			productName = FirebaseMessaging;
		};
/* End XCSwiftPackageProductDependency section */
	};
	rootObject = C63A3B362822A26400FBCF96 /* Project object */;
}
