// !$*UTF8*$!
{
	archiveVersion = 1;
	classes = {
	};
	objectVersion = 55;
	objects = {

/* Begin PBXBuildFile section */
		C63A3B422822A26400FBCF96 /* widgetProjectApp.swift in Sources */ = {isa = PBXBuildFile; fileRef = C63A3B412822A26400FBCF96 /* widgetProjectApp.swift */; };
		C63A3B442822A26400FBCF96 /* ContentView.swift in Sources */ = {isa = PBXBuildFile; fileRef = C63A3B432822A26400FBCF96 /* ContentView.swift */; };
		C63A3B462822A26400FBCF96 /* Assets.xcassets in Resources */ = {isa = PBXBuildFile; fileRef = C63A3B452822A26400FBCF96 /* Assets.xcassets */; };
		C63A3B492822A26400FBCF96 /* Preview Assets.xcassets in Resources */ = {isa = PBXBuildFile; fileRef = C63A3B482822A26400FBCF96 /* Preview Assets.xcassets */; };
		C63A3B562822A2D300FBCF96 /* WidgetKit.framework in Frameworks */ = {isa = PBXBuildFile; fileRef = C63A3B552822A2D300FBCF96 /* WidgetKit.framework */; };
		C63A3B582822A2D300FBCF96 /* SwiftUI.framework in Frameworks */ = {isa = PBXBuildFile; fileRef = C63A3B572822A2D300FBCF96 /* SwiftUI.framework */; };
		C63A3B5B2822A2D300FBCF96 /* myWidget.swift in Sources */ = {isa = PBXBuildFile; fileRef = C63A3B5A2822A2D300FBCF96 /* myWidget.swift */; };
		C63A3B5D2822A2D400FBCF96 /* Assets.xcassets in Resources */ = {isa = PBXBuildFile; fileRef = C63A3B5C2822A2D400FBCF96 /* Assets.xcassets */; };
		C63A3B612822A2D400FBCF96 /* myWidgetExtension.appex in Embed App Extensions */ = {isa = PBXBuildFile; fileRef = C63A3B532822A2D300FBCF96 /* myWidgetExtension.appex */; platformFilter = ios; settings = {ATTRIBUTES = (RemoveHeadersOnCopy, ); }; };
		C64C9B49288B8D9600DA1238 /* MenuModel.swift in Sources */ = {isa = PBXBuildFile; fileRef = C6CC13482822A75400D3EA1A /* MenuModel.swift */; };
		C64C9B4A288B8D9900DA1238 /* Network.swift in Sources */ = {isa = PBXBuildFile; fileRef = C6CC13462822A72000D3EA1A /* Network.swift */; };
		C64C9B4D288B953200DA1238 /* Color+.swift in Sources */ = {isa = PBXBuildFile; fileRef = C64C9B4C288B953200DA1238 /* Color+.swift */; };
		C64C9B4E288B9AE500DA1238 /* Assets.xcassets in Resources */ = {isa = PBXBuildFile; fileRef = C63A3B452822A26400FBCF96 /* Assets.xcassets */; };
		C64C9B4F288BA72C00DA1238 /* Color+.swift in Sources */ = {isa = PBXBuildFile; fileRef = C64C9B4C288B953200DA1238 /* Color+.swift */; };
		C65FDDAF2823B0BB00BE164E /* OnBoardingTabView.swift in Sources */ = {isa = PBXBuildFile; fileRef = C65FDDAE2823B0BB00BE164E /* OnBoardingTabView.swift */; };
		C65FDDB12823B0D800BE164E /* OnBoardingPageView.swift in Sources */ = {isa = PBXBuildFile; fileRef = C65FDDB02823B0D800BE164E /* OnBoardingPageView.swift */; };
		C65FDDB32823B0E600BE164E /* OnBoardingLastPageView.swift in Sources */ = {isa = PBXBuildFile; fileRef = C65FDDB22823B0E600BE164E /* OnBoardingLastPageView.swift */; };
		C679DCD2282A1AD400D87E97 /* GoogleService-Info.plist in Resources */ = {isa = PBXBuildFile; fileRef = C679DCD1282A1AD400D87E97 /* GoogleService-Info.plist */; };
		C679DCD5282A215B00D87E97 /* FirebaseAnalytics in Frameworks */ = {isa = PBXBuildFile; productRef = C679DCD4282A215B00D87E97 /* FirebaseAnalytics */; };
		C679DCD7282A215B00D87E97 /* FirebaseMessaging in Frameworks */ = {isa = PBXBuildFile; productRef = C679DCD6282A215B00D87E97 /* FirebaseMessaging */; };
		C6947821282A93980087F11C /* AppDelegate.swift in Sources */ = {isa = PBXBuildFile; fileRef = C6947820282A93980087F11C /* AppDelegate.swift */; };
		C6CB935428258252005D143E /* MenuView.swift in Sources */ = {isa = PBXBuildFile; fileRef = C6CB935328258252005D143E /* MenuView.swift */; };
		C6CC13472822A72000D3EA1A /* Network.swift in Sources */ = {isa = PBXBuildFile; fileRef = C6CC13462822A72000D3EA1A /* Network.swift */; };
		C6CC13492822A75400D3EA1A /* MenuModel.swift in Sources */ = {isa = PBXBuildFile; fileRef = C6CC13482822A75400D3EA1A /* MenuModel.swift */; };
/* End PBXBuildFile section */

/* Begin PBXContainerItemProxy section */
		C63A3B5F2822A2D400FBCF96 /* PBXContainerItemProxy */ = {
			isa = PBXContainerItemProxy;
			containerPortal = C63A3B362822A26400FBCF96 /* Project object */;
			proxyType = 1;
			remoteGlobalIDString = C63A3B522822A2D300FBCF96;
			remoteInfo = myWidgetExtension;
		};
/* End PBXContainerItemProxy section */

/* Begin PBXCopyFilesBuildPhase section */
		C63A3B652822A2D400FBCF96 /* Embed App Extensions */ = {
			isa = PBXCopyFilesBuildPhase;
			buildActionMask = 2147483647;
			dstPath = "";
			dstSubfolderSpec = 13;
			files = (
				C63A3B612822A2D400FBCF96 /* myWidgetExtension.appex in Embed App Extensions */,
			);
			name = "Embed App Extensions";
			runOnlyForDeploymentPostprocessing = 0;
		};
/* End PBXCopyFilesBuildPhase section */

/* Begin PBXFileReference section */
		C63A3B3E2822A26400FBCF96 /* 포스밀.app */ = {isa = PBXFileReference; explicitFileType = wrapper.application; includeInIndex = 0; path = "포스밀.app"; sourceTree = BUILT_PRODUCTS_DIR; };
		C63A3B412822A26400FBCF96 /* widgetProjectApp.swift */ = {isa = PBXFileReference; lastKnownFileType = sourcecode.swift; path = widgetProjectApp.swift; sourceTree = "<group>"; };
		C63A3B432822A26400FBCF96 /* ContentView.swift */ = {isa = PBXFileReference; lastKnownFileType = sourcecode.swift; path = ContentView.swift; sourceTree = "<group>"; };
		C63A3B452822A26400FBCF96 /* Assets.xcassets */ = {isa = PBXFileReference; lastKnownFileType = folder.assetcatalog; path = Assets.xcassets; sourceTree = "<group>"; };
		C63A3B482822A26400FBCF96 /* Preview Assets.xcassets */ = {isa = PBXFileReference; lastKnownFileType = folder.assetcatalog; path = "Preview Assets.xcassets"; sourceTree = "<group>"; };
		C63A3B532822A2D300FBCF96 /* myWidgetExtension.appex */ = {isa = PBXFileReference; explicitFileType = "wrapper.app-extension"; includeInIndex = 0; path = myWidgetExtension.appex; sourceTree = BUILT_PRODUCTS_DIR; };
		C63A3B552822A2D300FBCF96 /* WidgetKit.framework */ = {isa = PBXFileReference; lastKnownFileType = wrapper.framework; name = WidgetKit.framework; path = System/Library/Frameworks/WidgetKit.framework; sourceTree = SDKROOT; };
		C63A3B572822A2D300FBCF96 /* SwiftUI.framework */ = {isa = PBXFileReference; lastKnownFileType = wrapper.framework; name = SwiftUI.framework; path = System/Library/Frameworks/SwiftUI.framework; sourceTree = SDKROOT; };
		C63A3B5A2822A2D300FBCF96 /* myWidget.swift */ = {isa = PBXFileReference; lastKnownFileType = sourcecode.swift; path = myWidget.swift; sourceTree = "<group>"; };
		C63A3B5C2822A2D400FBCF96 /* Assets.xcassets */ = {isa = PBXFileReference; lastKnownFileType = folder.assetcatalog; path = Assets.xcassets; sourceTree = "<group>"; };
		C63A3B5E2822A2D400FBCF96 /* Info.plist */ = {isa = PBXFileReference; lastKnownFileType = text.plist.xml; path = Info.plist; sourceTree = "<group>"; };
		C64C9B4C288B953200DA1238 /* Color+.swift */ = {isa = PBXFileReference; lastKnownFileType = sourcecode.swift; path = "Color+.swift"; sourceTree = "<group>"; };
		C65FDDAE2823B0BB00BE164E /* OnBoardingTabView.swift */ = {isa = PBXFileReference; lastKnownFileType = sourcecode.swift; path = OnBoardingTabView.swift; sourceTree = "<group>"; };
		C65FDDB02823B0D800BE164E /* OnBoardingPageView.swift */ = {isa = PBXFileReference; lastKnownFileType = sourcecode.swift; path = OnBoardingPageView.swift; sourceTree = "<group>"; };
		C65FDDB22823B0E600BE164E /* OnBoardingLastPageView.swift */ = {isa = PBXFileReference; lastKnownFileType = sourcecode.swift; path = OnBoardingLastPageView.swift; sourceTree = "<group>"; };
		C679DCD1282A1AD400D87E97 /* GoogleService-Info.plist */ = {isa = PBXFileReference; lastKnownFileType = text.plist; path = "GoogleService-Info.plist"; sourceTree = SOURCE_ROOT; };
		C6947820282A93980087F11C /* AppDelegate.swift */ = {isa = PBXFileReference; lastKnownFileType = sourcecode.swift; path = AppDelegate.swift; sourceTree = "<group>"; };
		C6CB935328258252005D143E /* MenuView.swift */ = {isa = PBXFileReference; lastKnownFileType = sourcecode.swift; path = MenuView.swift; sourceTree = "<group>"; };
		C6CC13462822A72000D3EA1A /* Network.swift */ = {isa = PBXFileReference; lastKnownFileType = sourcecode.swift; path = Network.swift; sourceTree = "<group>"; };
		C6CC13482822A75400D3EA1A /* MenuModel.swift */ = {isa = PBXFileReference; lastKnownFileType = sourcecode.swift; path = MenuModel.swift; sourceTree = "<group>"; };
		C6CC134C2822A97000D3EA1A /* widgetProject.entitlements */ = {isa = PBXFileReference; lastKnownFileType = text.plist.entitlements; path = widgetProject.entitlements; sourceTree = "<group>"; };
		C6CC134D2822A9CD00D3EA1A /* myWidgetExtension.entitlements */ = {isa = PBXFileReference; lastKnownFileType = text.plist.entitlements; path = myWidgetExtension.entitlements; sourceTree = "<group>"; };
/* End PBXFileReference section */

/* Begin PBXFrameworksBuildPhase section */
		C63A3B3B2822A26400FBCF96 /* Frameworks */ = {
			isa = PBXFrameworksBuildPhase;
			buildActionMask = 2147483647;
			files = (
				C679DCD7282A215B00D87E97 /* FirebaseMessaging in Frameworks */,
				C679DCD5282A215B00D87E97 /* FirebaseAnalytics in Frameworks */,
			);
			runOnlyForDeploymentPostprocessing = 0;
		};
		C63A3B502822A2D300FBCF96 /* Frameworks */ = {
			isa = PBXFrameworksBuildPhase;
			buildActionMask = 2147483647;
			files = (
				C63A3B582822A2D300FBCF96 /* SwiftUI.framework in Frameworks */,
				C63A3B562822A2D300FBCF96 /* WidgetKit.framework in Frameworks */,
			);
			runOnlyForDeploymentPostprocessing = 0;
		};
/* End PBXFrameworksBuildPhase section */

/* Begin PBXGroup section */
		C63A3B352822A26400FBCF96 = {
			isa = PBXGroup;
			children = (
				C6CC134D2822A9CD00D3EA1A /* myWidgetExtension.entitlements */,
				C63A3B402822A26400FBCF96 /* widgetProject */,
				C63A3B592822A2D300FBCF96 /* myWidget */,
				C63A3B542822A2D300FBCF96 /* Frameworks */,
				C63A3B3F2822A26400FBCF96 /* Products */,
			);
			sourceTree = "<group>";
		};
		C63A3B3F2822A26400FBCF96 /* Products */ = {
			isa = PBXGroup;
			children = (
				C63A3B3E2822A26400FBCF96 /* 포스밀.app */,
				C63A3B532822A2D300FBCF96 /* myWidgetExtension.appex */,
			);
			name = Products;
			sourceTree = "<group>";
		};
		C63A3B402822A26400FBCF96 /* widgetProject */ = {
			isa = PBXGroup;
			children = (
				C6CC134C2822A97000D3EA1A /* widgetProject.entitlements */,
				C64C9B52288BC48600DA1238 /* Resources */,
				C64C9B51288BC47000DA1238 /* Views */,
				C64C9B50288BC45F00DA1238 /* Managers */,
				C64C9B53288BC4B000DA1238 /* Models */,
				C64C9B4B288B952600DA1238 /* Extensions */,
				C679DCD1282A1AD400D87E97 /* GoogleService-Info.plist */,
			);
			path = widgetProject;
			sourceTree = "<group>";
		};
		C63A3B472822A26400FBCF96 /* Preview Content */ = {
			isa = PBXGroup;
			children = (
				C63A3B482822A26400FBCF96 /* Preview Assets.xcassets */,
			);
			path = "Preview Content";
			sourceTree = "<group>";
		};
		C63A3B542822A2D300FBCF96 /* Frameworks */ = {
			isa = PBXGroup;
			children = (
				C63A3B552822A2D300FBCF96 /* WidgetKit.framework */,
				C63A3B572822A2D300FBCF96 /* SwiftUI.framework */,
			);
			name = Frameworks;
			sourceTree = "<group>";
		};
		C63A3B592822A2D300FBCF96 /* myWidget */ = {
			isa = PBXGroup;
			children = (
				C63A3B5A2822A2D300FBCF96 /* myWidget.swift */,
				C63A3B5C2822A2D400FBCF96 /* Assets.xcassets */,
				C63A3B5E2822A2D400FBCF96 /* Info.plist */,
			);
			path = myWidget;
			sourceTree = "<group>";
		};
		C64C9B4B288B952600DA1238 /* Extensions */ = {
			isa = PBXGroup;
			children = (
				C64C9B4C288B953200DA1238 /* Color+.swift */,
			);
			path = Extensions;
			sourceTree = "<group>";
		};
		C64C9B50288BC45F00DA1238 /* Managers */ = {
			isa = PBXGroup;
			children = (
				C6CC13462822A72000D3EA1A /* Network.swift */,
			);
			path = Managers;
			sourceTree = "<group>";
		};
		C64C9B51288BC47000DA1238 /* Views */ = {
			isa = PBXGroup;
			children = (
				C65FDDAB2823AFFA00BE164E /* OnBoardingViews */,
				C63A3B432822A26400FBCF96 /* ContentView.swift */,
				C6CB935328258252005D143E /* MenuView.swift */,
			);
			path = Views;
			sourceTree = "<group>";
		};
		C64C9B52288BC48600DA1238 /* Resources */ = {
			isa = PBXGroup;
			children = (
				C63A3B452822A26400FBCF96 /* Assets.xcassets */,
				C63A3B472822A26400FBCF96 /* Preview Content */,
				C6947820282A93980087F11C /* AppDelegate.swift */,
				C63A3B412822A26400FBCF96 /* widgetProjectApp.swift */,
			);
			path = Resources;
			sourceTree = "<group>";
		};
		C64C9B53288BC4B000DA1238 /* Models */ = {
			isa = PBXGroup;
			children = (
				C6CC13482822A75400D3EA1A /* MenuModel.swift */,
			);
			path = Models;
			sourceTree = "<group>";
		};
		C65FDDAB2823AFFA00BE164E /* OnBoardingViews */ = {
			isa = PBXGroup;
			children = (
				C65FDDAE2823B0BB00BE164E /* OnBoardingTabView.swift */,
				C65FDDB02823B0D800BE164E /* OnBoardingPageView.swift */,
				C65FDDB22823B0E600BE164E /* OnBoardingLastPageView.swift */,
			);
			path = OnBoardingViews;
			sourceTree = "<group>";
		};
/* End PBXGroup section */

/* Begin PBXNativeTarget section */
		C63A3B3D2822A26400FBCF96 /* 포스밀 */ = {
			isa = PBXNativeTarget;
			buildConfigurationList = C63A3B4C2822A26400FBCF96 /* Build configuration list for PBXNativeTarget "포스밀" */;
			buildPhases = (
				C63A3B3A2822A26400FBCF96 /* Sources */,
				C63A3B3B2822A26400FBCF96 /* Frameworks */,
				C63A3B3C2822A26400FBCF96 /* Resources */,
				C63A3B652822A2D400FBCF96 /* Embed App Extensions */,
			);
			buildRules = (
			);
			dependencies = (
				C63A3B602822A2D400FBCF96 /* PBXTargetDependency */,
			);
			name = "포스밀";
			packageProductDependencies = (
				C679DCD4282A215B00D87E97 /* FirebaseAnalytics */,
				C679DCD6282A215B00D87E97 /* FirebaseMessaging */,
			);
			productName = widgetProject;
			productReference = C63A3B3E2822A26400FBCF96 /* 포스밀.app */;
			productType = "com.apple.product-type.application";
		};
		C63A3B522822A2D300FBCF96 /* myWidgetExtension */ = {
			isa = PBXNativeTarget;
			buildConfigurationList = C63A3B622822A2D400FBCF96 /* Build configuration list for PBXNativeTarget "myWidgetExtension" */;
			buildPhases = (
				C63A3B4F2822A2D300FBCF96 /* Sources */,
				C63A3B502822A2D300FBCF96 /* Frameworks */,
				C63A3B512822A2D300FBCF96 /* Resources */,
			);
			buildRules = (
			);
			dependencies = (
			);
			name = myWidgetExtension;
			productName = myWidgetExtension;
			productReference = C63A3B532822A2D300FBCF96 /* myWidgetExtension.appex */;
			productType = "com.apple.product-type.app-extension";
		};
/* End PBXNativeTarget section */

/* Begin PBXProject section */
		C63A3B362822A26400FBCF96 /* Project object */ = {
			isa = PBXProject;
			attributes = {
				BuildIndependentTargetsInParallel = 1;
				LastSwiftUpdateCheck = 1330;
				LastUpgradeCheck = 1330;
				TargetAttributes = {
					C63A3B3D2822A26400FBCF96 = {
						CreatedOnToolsVersion = 13.3.1;
					};
					C63A3B522822A2D300FBCF96 = {
						CreatedOnToolsVersion = 13.3.1;
					};
				};
			};
			buildConfigurationList = C63A3B392822A26400FBCF96 /* Build configuration list for PBXProject "포스밀" */;
			compatibilityVersion = "Xcode 13.0";
			developmentRegion = en;
			hasScannedForEncodings = 0;
			knownRegions = (
				en,
				Base,
			);
			mainGroup = C63A3B352822A26400FBCF96;
			packageReferences = (
				C679DCD3282A215B00D87E97 /* XCRemoteSwiftPackageReference "firebase-ios-sdk" */,
			);
			productRefGroup = C63A3B3F2822A26400FBCF96 /* Products */;
			projectDirPath = "";
			projectRoot = "";
			targets = (
				C63A3B3D2822A26400FBCF96 /* 포스밀 */,
				C63A3B522822A2D300FBCF96 /* myWidgetExtension */,
			);
		};
/* End PBXProject section */

/* Begin PBXResourcesBuildPhase section */
		C63A3B3C2822A26400FBCF96 /* Resources */ = {
			isa = PBXResourcesBuildPhase;
			buildActionMask = 2147483647;
			files = (
				C63A3B492822A26400FBCF96 /* Preview Assets.xcassets in Resources */,
				C63A3B462822A26400FBCF96 /* Assets.xcassets in Resources */,
				C679DCD2282A1AD400D87E97 /* GoogleService-Info.plist in Resources */,
			);
			runOnlyForDeploymentPostprocessing = 0;
		};
		C63A3B512822A2D300FBCF96 /* Resources */ = {
			isa = PBXResourcesBuildPhase;
			buildActionMask = 2147483647;
			files = (
				C64C9B4E288B9AE500DA1238 /* Assets.xcassets in Resources */,
				C63A3B5D2822A2D400FBCF96 /* Assets.xcassets in Resources */,
			);
			runOnlyForDeploymentPostprocessing = 0;
		};
/* End PBXResourcesBuildPhase section */

/* Begin PBXSourcesBuildPhase section */
		C63A3B3A2822A26400FBCF96 /* Sources */ = {
			isa = PBXSourcesBuildPhase;
			buildActionMask = 2147483647;
			files = (
				C65FDDB12823B0D800BE164E /* OnBoardingPageView.swift in Sources */,
				C6CC13492822A75400D3EA1A /* MenuModel.swift in Sources */,
				C65FDDAF2823B0BB00BE164E /* OnBoardingTabView.swift in Sources */,
				C6947821282A93980087F11C /* AppDelegate.swift in Sources */,
				C63A3B442822A26400FBCF96 /* ContentView.swift in Sources */,
				C64C9B4D288B953200DA1238 /* Color+.swift in Sources */,
				C63A3B422822A26400FBCF96 /* widgetProjectApp.swift in Sources */,
				C6CC13472822A72000D3EA1A /* Network.swift in Sources */,
				C65FDDB32823B0E600BE164E /* OnBoardingLastPageView.swift in Sources */,
				C6CB935428258252005D143E /* MenuView.swift in Sources */,
			);
			runOnlyForDeploymentPostprocessing = 0;
		};
		C63A3B4F2822A2D300FBCF96 /* Sources */ = {
			isa = PBXSourcesBuildPhase;
			buildActionMask = 2147483647;
			files = (
				C64C9B49288B8D9600DA1238 /* MenuModel.swift in Sources */,
				C64C9B4F288BA72C00DA1238 /* Color+.swift in Sources */,
				C63A3B5B2822A2D300FBCF96 /* myWidget.swift in Sources */,
				C64C9B4A288B8D9900DA1238 /* Network.swift in Sources */,
			);
			runOnlyForDeploymentPostprocessing = 0;
		};
/* End PBXSourcesBuildPhase section */

/* Begin PBXTargetDependency section */
		C63A3B602822A2D400FBCF96 /* PBXTargetDependency */ = {
			isa = PBXTargetDependency;
			platformFilter = ios;
			target = C63A3B522822A2D300FBCF96 /* myWidgetExtension */;
			targetProxy = C63A3B5F2822A2D400FBCF96 /* PBXContainerItemProxy */;
		};
/* End PBXTargetDependency section */

/* Begin XCBuildConfiguration section */
		C63A3B4A2822A26400FBCF96 /* Debug */ = {
			isa = XCBuildConfiguration;
			buildSettings = {
				ALWAYS_SEARCH_USER_PATHS = NO;
				CLANG_ANALYZER_NONNULL = YES;
				CLANG_ANALYZER_NUMBER_OBJECT_CONVERSION = YES_AGGRESSIVE;
				CLANG_CXX_LANGUAGE_STANDARD = "gnu++17";
				CLANG_ENABLE_MODULES = YES;
				CLANG_ENABLE_OBJC_ARC = YES;
				CLANG_ENABLE_OBJC_WEAK = YES;
				CLANG_WARN_BLOCK_CAPTURE_AUTORELEASING = YES;
				CLANG_WARN_BOOL_CONVERSION = YES;
				CLANG_WARN_COMMA = YES;
				CLANG_WARN_CONSTANT_CONVERSION = YES;
				CLANG_WARN_DEPRECATED_OBJC_IMPLEMENTATIONS = YES;
				CLANG_WARN_DIRECT_OBJC_ISA_USAGE = YES_ERROR;
				CLANG_WARN_DOCUMENTATION_COMMENTS = YES;
				CLANG_WARN_EMPTY_BODY = YES;
				CLANG_WARN_ENUM_CONVERSION = YES;
				CLANG_WARN_INFINITE_RECURSION = YES;
				CLANG_WARN_INT_CONVERSION = YES;
				CLANG_WARN_NON_LITERAL_NULL_CONVERSION = YES;
				CLANG_WARN_OBJC_IMPLICIT_RETAIN_SELF = YES;
				CLANG_WARN_OBJC_LITERAL_CONVERSION = YES;
				CLANG_WARN_OBJC_ROOT_CLASS = YES_ERROR;
				CLANG_WARN_QUOTED_INCLUDE_IN_FRAMEWORK_HEADER = YES;
				CLANG_WARN_RANGE_LOOP_ANALYSIS = YES;
				CLANG_WARN_STRICT_PROTOTYPES = YES;
				CLANG_WARN_SUSPICIOUS_MOVE = YES;
				CLANG_WARN_UNGUARDED_AVAILABILITY = YES_AGGRESSIVE;
				CLANG_WARN_UNREACHABLE_CODE = YES;
				CLANG_WARN__DUPLICATE_METHOD_MATCH = YES;
				COPY_PHASE_STRIP = NO;
				DEBUG_INFORMATION_FORMAT = dwarf;
				ENABLE_STRICT_OBJC_MSGSEND = YES;
				ENABLE_TESTABILITY = YES;
				GCC_C_LANGUAGE_STANDARD = gnu11;
				GCC_DYNAMIC_NO_PIC = NO;
				GCC_NO_COMMON_BLOCKS = YES;
				GCC_OPTIMIZATION_LEVEL = 0;
				GCC_PREPROCESSOR_DEFINITIONS = (
					"DEBUG=1",
					"$(inherited)",
				);
				GCC_WARN_64_TO_32_BIT_CONVERSION = YES;
				GCC_WARN_ABOUT_RETURN_TYPE = YES_ERROR;
				GCC_WARN_UNDECLARED_SELECTOR = YES;
				GCC_WARN_UNINITIALIZED_AUTOS = YES_AGGRESSIVE;
				GCC_WARN_UNUSED_FUNCTION = YES;
				GCC_WARN_UNUSED_VARIABLE = YES;
				IPHONEOS_DEPLOYMENT_TARGET = 15.0;
				MTL_ENABLE_DEBUG_INFO = INCLUDE_SOURCE;
				MTL_FAST_MATH = YES;
				ONLY_ACTIVE_ARCH = YES;
				SDKROOT = iphoneos;
				SWIFT_ACTIVE_COMPILATION_CONDITIONS = DEBUG;
				SWIFT_OPTIMIZATION_LEVEL = "-Onone";
			};
			name = Debug;
		};
		C63A3B4B2822A26400FBCF96 /* Release */ = {
			isa = XCBuildConfiguration;
			buildSettings = {
				ALWAYS_SEARCH_USER_PATHS = NO;
				CLANG_ANALYZER_NONNULL = YES;
				CLANG_ANALYZER_NUMBER_OBJECT_CONVERSION = YES_AGGRESSIVE;
				CLANG_CXX_LANGUAGE_STANDARD = "gnu++17";
				CLANG_ENABLE_MODULES = YES;
				CLANG_ENABLE_OBJC_ARC = YES;
				CLANG_ENABLE_OBJC_WEAK = YES;
				CLANG_WARN_BLOCK_CAPTURE_AUTORELEASING = YES;
				CLANG_WARN_BOOL_CONVERSION = YES;
				CLANG_WARN_COMMA = YES;
				CLANG_WARN_CONSTANT_CONVERSION = YES;
				CLANG_WARN_DEPRECATED_OBJC_IMPLEMENTATIONS = YES;
				CLANG_WARN_DIRECT_OBJC_ISA_USAGE = YES_ERROR;
				CLANG_WARN_DOCUMENTATION_COMMENTS = YES;
				CLANG_WARN_EMPTY_BODY = YES;
				CLANG_WARN_ENUM_CONVERSION = YES;
				CLANG_WARN_INFINITE_RECURSION = YES;
				CLANG_WARN_INT_CONVERSION = YES;
				CLANG_WARN_NON_LITERAL_NULL_CONVERSION = YES;
				CLANG_WARN_OBJC_IMPLICIT_RETAIN_SELF = YES;
				CLANG_WARN_OBJC_LITERAL_CONVERSION = YES;
				CLANG_WARN_OBJC_ROOT_CLASS = YES_ERROR;
				CLANG_WARN_QUOTED_INCLUDE_IN_FRAMEWORK_HEADER = YES;
				CLANG_WARN_RANGE_LOOP_ANALYSIS = YES;
				CLANG_WARN_STRICT_PROTOTYPES = YES;
				CLANG_WARN_SUSPICIOUS_MOVE = YES;
				CLANG_WARN_UNGUARDED_AVAILABILITY = YES_AGGRESSIVE;
				CLANG_WARN_UNREACHABLE_CODE = YES;
				CLANG_WARN__DUPLICATE_METHOD_MATCH = YES;
				COPY_PHASE_STRIP = NO;
				DEBUG_INFORMATION_FORMAT = "dwarf-with-dsym";
				ENABLE_NS_ASSERTIONS = NO;
				ENABLE_STRICT_OBJC_MSGSEND = YES;
				GCC_C_LANGUAGE_STANDARD = gnu11;
				GCC_NO_COMMON_BLOCKS = YES;
				GCC_WARN_64_TO_32_BIT_CONVERSION = YES;
				GCC_WARN_ABOUT_RETURN_TYPE = YES_ERROR;
				GCC_WARN_UNDECLARED_SELECTOR = YES;
				GCC_WARN_UNINITIALIZED_AUTOS = YES_AGGRESSIVE;
				GCC_WARN_UNUSED_FUNCTION = YES;
				GCC_WARN_UNUSED_VARIABLE = YES;
				IPHONEOS_DEPLOYMENT_TARGET = 15.0;
				MTL_ENABLE_DEBUG_INFO = NO;
				MTL_FAST_MATH = YES;
				SDKROOT = iphoneos;
				SWIFT_COMPILATION_MODE = wholemodule;
				SWIFT_OPTIMIZATION_LEVEL = "-O";
				VALIDATE_PRODUCT = YES;
			};
			name = Release;
		};
		C63A3B4D2822A26400FBCF96 /* Debug */ = {
			isa = XCBuildConfiguration;
			buildSettings = {
				ALWAYS_EMBED_SWIFT_STANDARD_LIBRARIES = YES;
				ASSETCATALOG_COMPILER_APPICON_NAME = AppIcon;
				ASSETCATALOG_COMPILER_GLOBAL_ACCENT_COLOR_NAME = AccentColor;
				CODE_SIGN_ENTITLEMENTS = widgetProject/widgetProject.entitlements;
				CODE_SIGN_STYLE = Automatic;
				CURRENT_PROJECT_VERSION = 1;
				DEVELOPMENT_ASSET_PATHS = "\"widgetProject/Resources/Preview Content\"";
				DEVELOPMENT_TEAM = 76AJ433CP5;
				ENABLE_PREVIEWS = YES;
				GENERATE_INFOPLIST_FILE = YES;
				INFOPLIST_FILE = "--------Info.plist";
				INFOPLIST_KEY_UIApplicationSceneManifest_Generation = YES;
				INFOPLIST_KEY_UIApplicationSupportsIndirectInputEvents = YES;
				INFOPLIST_KEY_UILaunchScreen_Generation = YES;
				INFOPLIST_KEY_UISupportedInterfaceOrientations = "UIInterfaceOrientationPortrait UIInterfaceOrientationPortraitUpsideDown";
				INFOPLIST_KEY_UISupportedInterfaceOrientations_iPad = "UIInterfaceOrientationPortrait UIInterfaceOrientationPortraitUpsideDown";
				INFOPLIST_KEY_UISupportedInterfaceOrientations_iPhone = "UIInterfaceOrientationPortrait UIInterfaceOrientationLandscapeLeft UIInterfaceOrientationLandscapeRight";
				LD_RUNPATH_SEARCH_PATHS = (
					"$(inherited)",
					"@executable_path/Frameworks",
				);
				MARKETING_VERSION = 1.0.3;
				PRODUCT_BUNDLE_IDENTIFIER = com.kim.widgetProject;
				PRODUCT_NAME = "포스밀";
				SUPPORTS_MACCATALYST = NO;
				SWIFT_EMIT_LOC_STRINGS = YES;
				SWIFT_VERSION = 5.0;
				TARGETED_DEVICE_FAMILY = 1;
			};
			name = Debug;
		};
		C63A3B4E2822A26400FBCF96 /* Release */ = {
			isa = XCBuildConfiguration;
			buildSettings = {
				ALWAYS_EMBED_SWIFT_STANDARD_LIBRARIES = YES;
				ASSETCATALOG_COMPILER_APPICON_NAME = AppIcon;
				ASSETCATALOG_COMPILER_GLOBAL_ACCENT_COLOR_NAME = AccentColor;
				CODE_SIGN_ENTITLEMENTS = widgetProject/widgetProject.entitlements;
				CODE_SIGN_STYLE = Automatic;
				CURRENT_PROJECT_VERSION = 1;
				DEVELOPMENT_ASSET_PATHS = "\"widgetProject/Resources/Preview Content\"";
				DEVELOPMENT_TEAM = 76AJ433CP5;
				ENABLE_PREVIEWS = YES;
				GENERATE_INFOPLIST_FILE = YES;
				INFOPLIST_FILE = "--------Info.plist";
				INFOPLIST_KEY_UIApplicationSceneManifest_Generation = YES;
				INFOPLIST_KEY_UIApplicationSupportsIndirectInputEvents = YES;
				INFOPLIST_KEY_UILaunchScreen_Generation = YES;
				INFOPLIST_KEY_UISupportedInterfaceOrientations = "UIInterfaceOrientationPortrait UIInterfaceOrientationPortraitUpsideDown";
				INFOPLIST_KEY_UISupportedInterfaceOrientations_iPad = "UIInterfaceOrientationPortrait UIInterfaceOrientationPortraitUpsideDown";
				INFOPLIST_KEY_UISupportedInterfaceOrientations_iPhone = "UIInterfaceOrientationPortrait UIInterfaceOrientationLandscapeLeft UIInterfaceOrientationLandscapeRight";
				LD_RUNPATH_SEARCH_PATHS = (
					"$(inherited)",
					"@executable_path/Frameworks",
				);
				MARKETING_VERSION = 1.0.3;
				PRODUCT_BUNDLE_IDENTIFIER = com.kim.widgetProject;
				PRODUCT_NAME = "포스밀";
				SUPPORTS_MACCATALYST = NO;
				SWIFT_EMIT_LOC_STRINGS = YES;
				SWIFT_VERSION = 5.0;
				TARGETED_DEVICE_FAMILY = 1;
			};
			name = Release;
		};
		C63A3B632822A2D400FBCF96 /* Debug */ = {
			isa = XCBuildConfiguration;
			buildSettings = {
				ASSETCATALOG_COMPILER_GLOBAL_ACCENT_COLOR_NAME = AccentColor;
				ASSETCATALOG_COMPILER_WIDGET_BACKGROUND_COLOR_NAME = WidgetBackground;
				CODE_SIGN_ENTITLEMENTS = myWidgetExtension.entitlements;
				CODE_SIGN_STYLE = Automatic;
				CURRENT_PROJECT_VERSION = 1;
				DEVELOPMENT_TEAM = 76AJ433CP5;
				GENERATE_INFOPLIST_FILE = YES;
				INFOPLIST_FILE = myWidget/Info.plist;
				INFOPLIST_KEY_CFBundleDisplayName = "포스밀";
				INFOPLIST_KEY_NSHumanReadableCopyright = "";
				LD_RUNPATH_SEARCH_PATHS = (
					"$(inherited)",
					"@executable_path/Frameworks",
					"@executable_path/../../Frameworks",
				);
				MARKETING_VERSION = 1.0;
				PRODUCT_BUNDLE_IDENTIFIER = com.kim.widgetProject.myWidget;
				PRODUCT_NAME = "$(TARGET_NAME)";
				SKIP_INSTALL = YES;
				SUPPORTS_MACCATALYST = NO;
				SWIFT_EMIT_LOC_STRINGS = YES;
				SWIFT_VERSION = 5.0;
				TARGETED_DEVICE_FAMILY = 1;
			};
			name = Debug;
		};
		C63A3B642822A2D400FBCF96 /* Release */ = {
			isa = XCBuildConfiguration;
			buildSettings = {
				ASSETCATALOG_COMPILER_GLOBAL_ACCENT_COLOR_NAME = AccentColor;
				ASSETCATALOG_COMPILER_WIDGET_BACKGROUND_COLOR_NAME = WidgetBackground;
				CODE_SIGN_ENTITLEMENTS = myWidgetExtension.entitlements;
				CODE_SIGN_STYLE = Automatic;
				CURRENT_PROJECT_VERSION = 1;
				DEVELOPMENT_TEAM = 76AJ433CP5;
				GENERATE_INFOPLIST_FILE = YES;
				INFOPLIST_FILE = myWidget/Info.plist;
				INFOPLIST_KEY_CFBundleDisplayName = "포스밀";
				INFOPLIST_KEY_NSHumanReadableCopyright = "";
				LD_RUNPATH_SEARCH_PATHS = (
					"$(inherited)",
					"@executable_path/Frameworks",
					"@executable_path/../../Frameworks",
				);
				MARKETING_VERSION = 1.0;
				PRODUCT_BUNDLE_IDENTIFIER = com.kim.widgetProject.myWidget;
				PRODUCT_NAME = "$(TARGET_NAME)";
				SKIP_INSTALL = YES;
				SUPPORTS_MACCATALYST = NO;
				SWIFT_EMIT_LOC_STRINGS = YES;
				SWIFT_VERSION = 5.0;
				TARGETED_DEVICE_FAMILY = 1;
			};
			name = Release;
		};
/* End XCBuildConfiguration section */

/* Begin XCConfigurationList section */
		C63A3B392822A26400FBCF96 /* Build configuration list for PBXProject "포스밀" */ = {
			isa = XCConfigurationList;
			buildConfigurations = (
				C63A3B4A2822A26400FBCF96 /* Debug */,
				C63A3B4B2822A26400FBCF96 /* Release */,
			);
			defaultConfigurationIsVisible = 0;
			defaultConfigurationName = Release;
		};
		C63A3B4C2822A26400FBCF96 /* Build configuration list for PBXNativeTarget "포스밀" */ = {
			isa = XCConfigurationList;
			buildConfigurations = (
				C63A3B4D2822A26400FBCF96 /* Debug */,
				C63A3B4E2822A26400FBCF96 /* Release */,
			);
			defaultConfigurationIsVisible = 0;
			defaultConfigurationName = Release;
		};
		C63A3B622822A2D400FBCF96 /* Build configuration list for PBXNativeTarget "myWidgetExtension" */ = {
			isa = XCConfigurationList;
			buildConfigurations = (
				C63A3B632822A2D400FBCF96 /* Debug */,
				C63A3B642822A2D400FBCF96 /* Release */,
			);
			defaultConfigurationIsVisible = 0;
			defaultConfigurationName = Release;
		};
/* End XCConfigurationList section */

/* Begin XCRemoteSwiftPackageReference section */
		C679DCD3282A215B00D87E97 /* XCRemoteSwiftPackageReference "firebase-ios-sdk" */ = {
			isa = XCRemoteSwiftPackageReference;
			repositoryURL = "https://github.com/firebase/firebase-ios-sdk.git";
			requirement = {
				kind = upToNextMajorVersion;
				minimumVersion = 9.0.0;
			};
		};
/* End XCRemoteSwiftPackageReference section */

/* Begin XCSwiftPackageProductDependency section */
		C679DCD4282A215B00D87E97 /* FirebaseAnalytics */ = {
			isa = XCSwiftPackageProductDependency;
			package = C679DCD3282A215B00D87E97 /* XCRemoteSwiftPackageReference "firebase-ios-sdk" */;
			productName = FirebaseAnalytics;
		};
		C679DCD6282A215B00D87E97 /* FirebaseMessaging */ = {
			isa = XCSwiftPackageProductDependency;
			package = C679DCD3282A215B00D87E97 /* XCRemoteSwiftPackageReference "firebase-ios-sdk" */;
			productName = FirebaseMessaging;
		};
/* End XCSwiftPackageProductDependency section */
	};
	rootObject = C63A3B362822A26400FBCF96 /* Project object */;
}
