// !$*UTF8*$!
{
	archiveVersion = 1;
	classes = {
	};
	objectVersion = 55;
	objects = {

/* Begin PBXBuildFile section */
		34ADE23E286A161B000D8D03 /* Assets.xcassets in Resources */ = {isa = PBXBuildFile; fileRef = 34ADE23D286A161B000D8D03 /* Assets.xcassets */; };
		34ADE244286A161B000D8D03 /* posmealWatch WatchKit Extension.appex in Embed App Extensions */ = {isa = PBXBuildFile; fileRef = 34ADE243286A161B000D8D03 /* posmealWatch WatchKit Extension.appex */; settings = {ATTRIBUTES = (RemoveHeadersOnCopy, ); }; };
		34ADE249286A161B000D8D03 /* ContentView.swift in Sources */ = {isa = PBXBuildFile; fileRef = 34ADE248286A161B000D8D03 /* ContentView.swift */; };
		34ADE24B286A161B000D8D03 /* _______App.swift in Sources */ = {isa = PBXBuildFile; fileRef = 34ADE24A286A161B000D8D03 /* _______App.swift */; };
		34ADE24D286A161B000D8D03 /* ComplicationController.swift in Sources */ = {isa = PBXBuildFile; fileRef = 34ADE24C286A161B000D8D03 /* ComplicationController.swift */; };
		34ADE24F286A161C000D8D03 /* Assets.xcassets in Resources */ = {isa = PBXBuildFile; fileRef = 34ADE24E286A161C000D8D03 /* Assets.xcassets */; };
		34ADE252286A161C000D8D03 /* Preview Assets.xcassets in Resources */ = {isa = PBXBuildFile; fileRef = 34ADE251286A161C000D8D03 /* Preview Assets.xcassets */; };
		34ADE256286A161C000D8D03 /* 포스밀.app in Embed Watch Content */ = {isa = PBXBuildFile; fileRef = 34ADE23B286A1619000D8D03 /* 포스밀.app */; settings = {ATTRIBUTES = (RemoveHeadersOnCopy, ); }; };
		34ADE25F286A1A38000D8D03 /* Network.swift in Sources */ = {isa = PBXBuildFile; fileRef = C6CC13462822A72000D3EA1A /* Network.swift */; };
		34ADE260286A1EE5000D8D03 /* MenuModel.swift in Sources */ = {isa = PBXBuildFile; fileRef = C6CC13482822A75400D3EA1A /* MenuModel.swift */; };
		34ADE263286A2134000D8D03 /* FirebaseMessaging in Frameworks */ = {isa = PBXBuildFile; productRef = 34ADE262286A2134000D8D03 /* FirebaseMessaging */; };
		34ADE264286A21BC000D8D03 /* SwiftUI.framework in Frameworks */ = {isa = PBXBuildFile; fileRef = C63A3B572822A2D300FBCF96 /* SwiftUI.framework */; };
		34ADE267286A229C000D8D03 /* WatchMenuView.swift in Sources */ = {isa = PBXBuildFile; fileRef = 34ADE266286A229C000D8D03 /* WatchMenuView.swift */; };
		34ADE26A286CAF67000D8D03 /* Assets.xcassets in Resources */ = {isa = PBXBuildFile; fileRef = C63A3B452822A26400FBCF96 /* Assets.xcassets */; };
		34ADE26B286CAFED000D8D03 /* Assets.xcassets in Resources */ = {isa = PBXBuildFile; fileRef = C63A3B452822A26400FBCF96 /* Assets.xcassets */; };
		34ADE26D286CBA03000D8D03 /* ComplicationView.swift in Sources */ = {isa = PBXBuildFile; fileRef = 34ADE26C286CBA03000D8D03 /* ComplicationView.swift */; };
		34ADE26F286CC823000D8D03 /* ExtensionDelegate.swift in Sources */ = {isa = PBXBuildFile; fileRef = 34ADE26E286CC823000D8D03 /* ExtensionDelegate.swift */; };
		34ADE272286DB317000D8D03 /* ComplicationProvider.swift in Sources */ = {isa = PBXBuildFile; fileRef = 34ADE271286DB317000D8D03 /* ComplicationProvider.swift */; };
		C63A3B422822A26400FBCF96 /* widgetProjectApp.swift in Sources */ = {isa = PBXBuildFile; fileRef = C63A3B412822A26400FBCF96 /* widgetProjectApp.swift */; };
		C63A3B442822A26400FBCF96 /* ContentView.swift in Sources */ = {isa = PBXBuildFile; fileRef = C63A3B432822A26400FBCF96 /* ContentView.swift */; };
		C63A3B462822A26400FBCF96 /* Assets.xcassets in Resources */ = {isa = PBXBuildFile; fileRef = C63A3B452822A26400FBCF96 /* Assets.xcassets */; };
		C63A3B492822A26400FBCF96 /* Preview Assets.xcassets in Resources */ = {isa = PBXBuildFile; fileRef = C63A3B482822A26400FBCF96 /* Preview Assets.xcassets */; };
		C63A3B562822A2D300FBCF96 /* WidgetKit.framework in Frameworks */ = {isa = PBXBuildFile; fileRef = C63A3B552822A2D300FBCF96 /* WidgetKit.framework */; };
		C63A3B582822A2D300FBCF96 /* SwiftUI.framework in Frameworks */ = {isa = PBXBuildFile; fileRef = C63A3B572822A2D300FBCF96 /* SwiftUI.framework */; };
		C63A3B5B2822A2D300FBCF96 /* myWidget.swift in Sources */ = {isa = PBXBuildFile; fileRef = C63A3B5A2822A2D300FBCF96 /* myWidget.swift */; };
		C63A3B612822A2D400FBCF96 /* myWidgetExtension.appex in Embed App Extensions */ = {isa = PBXBuildFile; fileRef = C63A3B532822A2D300FBCF96 /* myWidgetExtension.appex */; platformFilter = ios; settings = {ATTRIBUTES = (RemoveHeadersOnCopy, ); }; };
		C65FDDAF2823B0BB00BE164E /* OnBoardingTabView.swift in Sources */ = {isa = PBXBuildFile; fileRef = C65FDDAE2823B0BB00BE164E /* OnBoardingTabView.swift */; };
		C65FDDB12823B0D800BE164E /* OnBoardingPageView.swift in Sources */ = {isa = PBXBuildFile; fileRef = C65FDDB02823B0D800BE164E /* OnBoardingPageView.swift */; };
		C65FDDB32823B0E600BE164E /* OnBoardingLastPageView.swift in Sources */ = {isa = PBXBuildFile; fileRef = C65FDDB22823B0E600BE164E /* OnBoardingLastPageView.swift */; };
		C679DCD2282A1AD400D87E97 /* GoogleService-Info.plist in Resources */ = {isa = PBXBuildFile; fileRef = C679DCD1282A1AD400D87E97 /* GoogleService-Info.plist */; };
		C679DCD5282A215B00D87E97 /* FirebaseAnalytics in Frameworks */ = {isa = PBXBuildFile; productRef = C679DCD4282A215B00D87E97 /* FirebaseAnalytics */; };
		C679DCD7282A215B00D87E97 /* FirebaseMessaging in Frameworks */ = {isa = PBXBuildFile; productRef = C679DCD6282A215B00D87E97 /* FirebaseMessaging */; };
		C6947821282A93980087F11C /* AppDelegate.swift in Sources */ = {isa = PBXBuildFile; fileRef = C6947820282A93980087F11C /* AppDelegate.swift */; };
		C6CB935428258252005D143E /* MenuView.swift in Sources */ = {isa = PBXBuildFile; fileRef = C6CB935328258252005D143E /* MenuView.swift */; };
		C6CC13472822A72000D3EA1A /* Network.swift in Sources */ = {isa = PBXBuildFile; fileRef = C6CC13462822A72000D3EA1A /* Network.swift */; };
		C6CC13492822A75400D3EA1A /* MenuModel.swift in Sources */ = {isa = PBXBuildFile; fileRef = C6CC13482822A75400D3EA1A /* MenuModel.swift */; };
/* End PBXBuildFile section */

/* Begin PBXContainerItemProxy section */
		34ADE245286A161B000D8D03 /* PBXContainerItemProxy */ = {
			isa = PBXContainerItemProxy;
			containerPortal = C63A3B362822A26400FBCF96 /* Project object */;
			proxyType = 1;
			remoteGlobalIDString = 34ADE242286A161B000D8D03;
			remoteInfo = "posmealWatch WatchKit Extension";
		};
		34ADE254286A161C000D8D03 /* PBXContainerItemProxy */ = {
			isa = PBXContainerItemProxy;
			containerPortal = C63A3B362822A26400FBCF96 /* Project object */;
			proxyType = 1;
			remoteGlobalIDString = 34ADE23A286A1619000D8D03;
			remoteInfo = posmealWatch;
		};
		34ADE268286B1581000D8D03 /* PBXContainerItemProxy */ = {
			isa = PBXContainerItemProxy;
			containerPortal = C63A3B362822A26400FBCF96 /* Project object */;
			proxyType = 1;
			remoteGlobalIDString = 34ADE23A286A1619000D8D03;
			remoteInfo = posmealWatch;
		};
		C63A3B5F2822A2D400FBCF96 /* PBXContainerItemProxy */ = {
			isa = PBXContainerItemProxy;
			containerPortal = C63A3B362822A26400FBCF96 /* Project object */;
			proxyType = 1;
			remoteGlobalIDString = C63A3B522822A2D300FBCF96;
			remoteInfo = myWidgetExtension;
		};
/* End PBXContainerItemProxy section */

/* Begin PBXCopyFilesBuildPhase section */
		34ADE25A286A161C000D8D03 /* Embed App Extensions */ = {
			isa = PBXCopyFilesBuildPhase;
			buildActionMask = 2147483647;
			dstPath = "";
			dstSubfolderSpec = 13;
			files = (
				34ADE244286A161B000D8D03 /* posmealWatch WatchKit Extension.appex in Embed App Extensions */,
			);
			name = "Embed App Extensions";
			runOnlyForDeploymentPostprocessing = 0;
		};
		34ADE25E286A161C000D8D03 /* Embed Watch Content */ = {
			isa = PBXCopyFilesBuildPhase;
			buildActionMask = 2147483647;
			dstPath = "$(CONTENTS_FOLDER_PATH)/Watch";
			dstSubfolderSpec = 16;
			files = (
				34ADE256286A161C000D8D03 /* 포스밀.app in Embed Watch Content */,
			);
			name = "Embed Watch Content";
			runOnlyForDeploymentPostprocessing = 0;
		};
		C63A3B652822A2D400FBCF96 /* Embed App Extensions */ = {
			isa = PBXCopyFilesBuildPhase;
			buildActionMask = 2147483647;
			dstPath = "";
			dstSubfolderSpec = 13;
			files = (
				C63A3B612822A2D400FBCF96 /* myWidgetExtension.appex in Embed App Extensions */,
			);
			name = "Embed App Extensions";
			runOnlyForDeploymentPostprocessing = 0;
		};
/* End PBXCopyFilesBuildPhase section */

/* Begin PBXFileReference section */
		34ADE23B286A1619000D8D03 /* 포스밀.app */ = {isa = PBXFileReference; explicitFileType = wrapper.application; includeInIndex = 0; path = "포스밀.app"; sourceTree = BUILT_PRODUCTS_DIR; };
		34ADE23D286A161B000D8D03 /* Assets.xcassets */ = {isa = PBXFileReference; lastKnownFileType = folder.assetcatalog; path = Assets.xcassets; sourceTree = "<group>"; };
		34ADE243286A161B000D8D03 /* posmealWatch WatchKit Extension.appex */ = {isa = PBXFileReference; explicitFileType = "wrapper.app-extension"; includeInIndex = 0; path = "posmealWatch WatchKit Extension.appex"; sourceTree = BUILT_PRODUCTS_DIR; };
		34ADE248286A161B000D8D03 /* ContentView.swift */ = {isa = PBXFileReference; lastKnownFileType = sourcecode.swift; path = ContentView.swift; sourceTree = "<group>"; };
		34ADE24A286A161B000D8D03 /* _______App.swift */ = {isa = PBXFileReference; lastKnownFileType = sourcecode.swift; path = "_______App.swift"; sourceTree = "<group>"; };
		34ADE24C286A161B000D8D03 /* ComplicationController.swift */ = {isa = PBXFileReference; lastKnownFileType = sourcecode.swift; path = ComplicationController.swift; sourceTree = "<group>"; };
		34ADE24E286A161C000D8D03 /* Assets.xcassets */ = {isa = PBXFileReference; lastKnownFileType = folder.assetcatalog; path = Assets.xcassets; sourceTree = "<group>"; };
		34ADE251286A161C000D8D03 /* Preview Assets.xcassets */ = {isa = PBXFileReference; lastKnownFileType = folder.assetcatalog; path = "Preview Assets.xcassets"; sourceTree = "<group>"; };
		34ADE253286A161C000D8D03 /* Info.plist */ = {isa = PBXFileReference; lastKnownFileType = text.plist.xml; path = Info.plist; sourceTree = "<group>"; };
		34ADE266286A229C000D8D03 /* WatchMenuView.swift */ = {isa = PBXFileReference; lastKnownFileType = sourcecode.swift; path = WatchMenuView.swift; sourceTree = "<group>"; };
		34ADE26C286CBA03000D8D03 /* ComplicationView.swift */ = {isa = PBXFileReference; lastKnownFileType = sourcecode.swift; path = ComplicationView.swift; sourceTree = "<group>"; };
		34ADE26E286CC823000D8D03 /* ExtensionDelegate.swift */ = {isa = PBXFileReference; lastKnownFileType = sourcecode.swift; path = ExtensionDelegate.swift; sourceTree = "<group>"; };
		34ADE271286DB317000D8D03 /* ComplicationProvider.swift */ = {isa = PBXFileReference; lastKnownFileType = sourcecode.swift; path = ComplicationProvider.swift; sourceTree = "<group>"; };
		C63A3B3E2822A26400FBCF96 /* 포스밀.app */ = {isa = PBXFileReference; explicitFileType = wrapper.application; includeInIndex = 0; path = "포스밀.app"; sourceTree = BUILT_PRODUCTS_DIR; };
		C63A3B412822A26400FBCF96 /* widgetProjectApp.swift */ = {isa = PBXFileReference; lastKnownFileType = sourcecode.swift; path = widgetProjectApp.swift; sourceTree = "<group>"; };
		C63A3B432822A26400FBCF96 /* ContentView.swift */ = {isa = PBXFileReference; lastKnownFileType = sourcecode.swift; path = ContentView.swift; sourceTree = "<group>"; };
		C63A3B452822A26400FBCF96 /* Assets.xcassets */ = {isa = PBXFileReference; lastKnownFileType = folder.assetcatalog; path = Assets.xcassets; sourceTree = "<group>"; };
		C63A3B482822A26400FBCF96 /* Preview Assets.xcassets */ = {isa = PBXFileReference; lastKnownFileType = folder.assetcatalog; path = "Preview Assets.xcassets"; sourceTree = "<group>"; };
		C63A3B532822A2D300FBCF96 /* myWidgetExtension.appex */ = {isa = PBXFileReference; explicitFileType = "wrapper.app-extension"; includeInIndex = 0; path = myWidgetExtension.appex; sourceTree = BUILT_PRODUCTS_DIR; };
		C63A3B552822A2D300FBCF96 /* WidgetKit.framework */ = {isa = PBXFileReference; lastKnownFileType = wrapper.framework; name = WidgetKit.framework; path = System/Library/Frameworks/WidgetKit.framework; sourceTree = SDKROOT; };
		C63A3B572822A2D300FBCF96 /* SwiftUI.framework */ = {isa = PBXFileReference; lastKnownFileType = wrapper.framework; name = SwiftUI.framework; path = System/Library/Frameworks/SwiftUI.framework; sourceTree = SDKROOT; };
		C63A3B5A2822A2D300FBCF96 /* myWidget.swift */ = {isa = PBXFileReference; lastKnownFileType = sourcecode.swift; path = myWidget.swift; sourceTree = "<group>"; };
		C63A3B5C2822A2D400FBCF96 /* Assets.xcassets */ = {isa = PBXFileReference; lastKnownFileType = folder.assetcatalog; path = Assets.xcassets; sourceTree = "<group>"; };
		C63A3B5E2822A2D400FBCF96 /* Info.plist */ = {isa = PBXFileReference; lastKnownFileType = text.plist.xml; path = Info.plist; sourceTree = "<group>"; };
		C65FDDAE2823B0BB00BE164E /* OnBoardingTabView.swift */ = {isa = PBXFileReference; lastKnownFileType = sourcecode.swift; path = OnBoardingTabView.swift; sourceTree = "<group>"; };
		C65FDDB02823B0D800BE164E /* OnBoardingPageView.swift */ = {isa = PBXFileReference; lastKnownFileType = sourcecode.swift; path = OnBoardingPageView.swift; sourceTree = "<group>"; };
		C65FDDB22823B0E600BE164E /* OnBoardingLastPageView.swift */ = {isa = PBXFileReference; lastKnownFileType = sourcecode.swift; path = OnBoardingLastPageView.swift; sourceTree = "<group>"; };
		C679DCD1282A1AD400D87E97 /* GoogleService-Info.plist */ = {isa = PBXFileReference; lastKnownFileType = text.plist; path = "GoogleService-Info.plist"; sourceTree = SOURCE_ROOT; };
		C6947820282A93980087F11C /* AppDelegate.swift */ = {isa = PBXFileReference; lastKnownFileType = sourcecode.swift; path = AppDelegate.swift; sourceTree = "<group>"; };
		C6CB935328258252005D143E /* MenuView.swift */ = {isa = PBXFileReference; lastKnownFileType = sourcecode.swift; path = MenuView.swift; sourceTree = "<group>"; };
		C6CC13462822A72000D3EA1A /* Network.swift */ = {isa = PBXFileReference; lastKnownFileType = sourcecode.swift; path = Network.swift; sourceTree = "<group>"; };
		C6CC13482822A75400D3EA1A /* MenuModel.swift */ = {isa = PBXFileReference; lastKnownFileType = sourcecode.swift; path = MenuModel.swift; sourceTree = "<group>"; };
		C6CC134C2822A97000D3EA1A /* widgetProject.entitlements */ = {isa = PBXFileReference; lastKnownFileType = text.plist.entitlements; path = widgetProject.entitlements; sourceTree = "<group>"; };
		C6CC134D2822A9CD00D3EA1A /* myWidgetExtension.entitlements */ = {isa = PBXFileReference; lastKnownFileType = text.plist.entitlements; path = myWidgetExtension.entitlements; sourceTree = "<group>"; };
/* End PBXFileReference section */

/* Begin PBXFrameworksBuildPhase section */
		34ADE240286A161B000D8D03 /* Frameworks */ = {
			isa = PBXFrameworksBuildPhase;
			buildActionMask = 2147483647;
			files = (
				34ADE264286A21BC000D8D03 /* SwiftUI.framework in Frameworks */,
				34ADE263286A2134000D8D03 /* FirebaseMessaging in Frameworks */,
			);
			runOnlyForDeploymentPostprocessing = 0;
		};
		C63A3B3B2822A26400FBCF96 /* Frameworks */ = {
			isa = PBXFrameworksBuildPhase;
			buildActionMask = 2147483647;
			files = (
				C679DCD7282A215B00D87E97 /* FirebaseMessaging in Frameworks */,
				C679DCD5282A215B00D87E97 /* FirebaseAnalytics in Frameworks */,
			);
			runOnlyForDeploymentPostprocessing = 0;
		};
		C63A3B502822A2D300FBCF96 /* Frameworks */ = {
			isa = PBXFrameworksBuildPhase;
			buildActionMask = 2147483647;
			files = (
				C63A3B582822A2D300FBCF96 /* SwiftUI.framework in Frameworks */,
				C63A3B562822A2D300FBCF96 /* WidgetKit.framework in Frameworks */,
			);
			runOnlyForDeploymentPostprocessing = 0;
		};
/* End PBXFrameworksBuildPhase section */

/* Begin PBXGroup section */
		34ADE23C286A1619000D8D03 /* posmealWatch */ = {
			isa = PBXGroup;
			children = (
				34ADE23D286A161B000D8D03 /* Assets.xcassets */,
			);
			path = posmealWatch;
			sourceTree = "<group>";
		};
		34ADE247286A161B000D8D03 /* posmealWatch WatchKit Extension */ = {
			isa = PBXGroup;
			children = (
				34ADE270286DB309000D8D03 /* Providers */,
				34ADE265286A2289000D8D03 /* Views */,
				34ADE248286A161B000D8D03 /* ContentView.swift */,
				34ADE24A286A161B000D8D03 /* _______App.swift */,
				34ADE24C286A161B000D8D03 /* ComplicationController.swift */,
				34ADE24E286A161C000D8D03 /* Assets.xcassets */,
				34ADE253286A161C000D8D03 /* Info.plist */,
				34ADE250286A161C000D8D03 /* Preview Content */,
				34ADE26E286CC823000D8D03 /* ExtensionDelegate.swift */,
			);
			path = "posmealWatch WatchKit Extension";
			sourceTree = "<group>";
		};
		34ADE250286A161C000D8D03 /* Preview Content */ = {
			isa = PBXGroup;
			children = (
				34ADE251286A161C000D8D03 /* Preview Assets.xcassets */,
			);
			path = "Preview Content";
			sourceTree = "<group>";
		};
		34ADE265286A2289000D8D03 /* Views */ = {
			isa = PBXGroup;
			children = (
				34ADE266286A229C000D8D03 /* WatchMenuView.swift */,
				34ADE26C286CBA03000D8D03 /* ComplicationView.swift */,
			);
			path = Views;
			sourceTree = "<group>";
		};
		34ADE270286DB309000D8D03 /* Providers */ = {
			isa = PBXGroup;
			children = (
				34ADE271286DB317000D8D03 /* ComplicationProvider.swift */,
			);
			path = Providers;
			sourceTree = "<group>";
		};
		C63A3B352822A26400FBCF96 = {
			isa = PBXGroup;
			children = (
				C6CC134D2822A9CD00D3EA1A /* myWidgetExtension.entitlements */,
				C63A3B402822A26400FBCF96 /* widgetProject */,
				C63A3B592822A2D300FBCF96 /* myWidget */,
				34ADE23C286A1619000D8D03 /* posmealWatch */,
				34ADE247286A161B000D8D03 /* posmealWatch WatchKit Extension */,
				C63A3B542822A2D300FBCF96 /* Frameworks */,
				C63A3B3F2822A26400FBCF96 /* Products */,
			);
			sourceTree = "<group>";
		};
		C63A3B3F2822A26400FBCF96 /* Products */ = {
			isa = PBXGroup;
			children = (
				C63A3B3E2822A26400FBCF96 /* 포스밀.app */,
				C63A3B532822A2D300FBCF96 /* myWidgetExtension.appex */,
				34ADE23B286A1619000D8D03 /* 포스밀.app */,
				34ADE243286A161B000D8D03 /* posmealWatch WatchKit Extension.appex */,
			);
			name = Products;
			sourceTree = "<group>";
		};
		C63A3B402822A26400FBCF96 /* widgetProject */ = {
			isa = PBXGroup;
			children = (
				C6CC134C2822A97000D3EA1A /* widgetProject.entitlements */,
				C63A3B412822A26400FBCF96 /* widgetProjectApp.swift */,
				C63A3B432822A26400FBCF96 /* ContentView.swift */,
				C6947820282A93980087F11C /* AppDelegate.swift */,
				C6CB935328258252005D143E /* MenuView.swift */,
				C6CC13462822A72000D3EA1A /* Network.swift */,
				C6CC13482822A75400D3EA1A /* MenuModel.swift */,
				C679DCD1282A1AD400D87E97 /* GoogleService-Info.plist */,
				C65FDDAB2823AFFA00BE164E /* OnBoardingViews */,
				C63A3B452822A26400FBCF96 /* Assets.xcassets */,
				C63A3B472822A26400FBCF96 /* Preview Content */,
			);
			path = widgetProject;
			sourceTree = "<group>";
		};
		C63A3B472822A26400FBCF96 /* Preview Content */ = {
			isa = PBXGroup;
			children = (
				C63A3B482822A26400FBCF96 /* Preview Assets.xcassets */,
			);
			path = "Preview Content";
			sourceTree = "<group>";
		};
		C63A3B542822A2D300FBCF96 /* Frameworks */ = {
			isa = PBXGroup;
			children = (
				C63A3B552822A2D300FBCF96 /* WidgetKit.framework */,
				C63A3B572822A2D300FBCF96 /* SwiftUI.framework */,
			);
			name = Frameworks;
			sourceTree = "<group>";
		};
		C63A3B592822A2D300FBCF96 /* myWidget */ = {
			isa = PBXGroup;
			children = (
				C63A3B5A2822A2D300FBCF96 /* myWidget.swift */,
				C63A3B5C2822A2D400FBCF96 /* Assets.xcassets */,
				C63A3B5E2822A2D400FBCF96 /* Info.plist */,
			);
			path = myWidget;
			sourceTree = "<group>";
		};
		C65FDDAB2823AFFA00BE164E /* OnBoardingViews */ = {
			isa = PBXGroup;
			children = (
				C65FDDAE2823B0BB00BE164E /* OnBoardingTabView.swift */,
				C65FDDB02823B0D800BE164E /* OnBoardingPageView.swift */,
				C65FDDB22823B0E600BE164E /* OnBoardingLastPageView.swift */,
			);
			path = OnBoardingViews;
			sourceTree = "<group>";
		};
/* End PBXGroup section */

/* Begin PBXNativeTarget section */
		34ADE23A286A1619000D8D03 /* posmealWatch */ = {
			isa = PBXNativeTarget;
			buildConfigurationList = 34ADE25B286A161C000D8D03 /* Build configuration list for PBXNativeTarget "posmealWatch" */;
			buildPhases = (
				34ADE239286A1619000D8D03 /* Resources */,
				34ADE25A286A161C000D8D03 /* Embed App Extensions */,
			);
			buildRules = (
			);
			dependencies = (
				34ADE246286A161B000D8D03 /* PBXTargetDependency */,
			);
			name = posmealWatch;
			productName = posmealWatch;
			productReference = 34ADE23B286A1619000D8D03 /* 포스밀.app */;
			productType = "com.apple.product-type.application.watchapp2";
		};
		34ADE242286A161B000D8D03 /* posmealWatch WatchKit Extension */ = {
			isa = PBXNativeTarget;
			buildConfigurationList = 34ADE257286A161C000D8D03 /* Build configuration list for PBXNativeTarget "posmealWatch WatchKit Extension" */;
			buildPhases = (
				34ADE23F286A161B000D8D03 /* Sources */,
				34ADE240286A161B000D8D03 /* Frameworks */,
				34ADE241286A161B000D8D03 /* Resources */,
			);
			buildRules = (
			);
			dependencies = (
			);
			name = "posmealWatch WatchKit Extension";
			packageProductDependencies = (
				34ADE262286A2134000D8D03 /* FirebaseMessaging */,
			);
			productName = "posmealWatch WatchKit Extension";
			productReference = 34ADE243286A161B000D8D03 /* posmealWatch WatchKit Extension.appex */;
			productType = "com.apple.product-type.watchkit2-extension";
		};
		C63A3B3D2822A26400FBCF96 /* 포스밀 */ = {
			isa = PBXNativeTarget;
			buildConfigurationList = C63A3B4C2822A26400FBCF96 /* Build configuration list for PBXNativeTarget "포스밀" */;
			buildPhases = (
				C63A3B3A2822A26400FBCF96 /* Sources */,
				C63A3B3B2822A26400FBCF96 /* Frameworks */,
				C63A3B3C2822A26400FBCF96 /* Resources */,
				C63A3B652822A2D400FBCF96 /* Embed App Extensions */,
				34ADE25E286A161C000D8D03 /* Embed Watch Content */,
			);
			buildRules = (
			);
			dependencies = (
				C63A3B602822A2D400FBCF96 /* PBXTargetDependency */,
				34ADE255286A161C000D8D03 /* PBXTargetDependency */,
				34ADE269286B1581000D8D03 /* PBXTargetDependency */,
			);
			name = "포스밀";
			packageProductDependencies = (
				C679DCD4282A215B00D87E97 /* FirebaseAnalytics */,
				C679DCD6282A215B00D87E97 /* FirebaseMessaging */,
			);
			productName = widgetProject;
			productReference = C63A3B3E2822A26400FBCF96 /* 포스밀.app */;
			productType = "com.apple.product-type.application";
		};
		C63A3B522822A2D300FBCF96 /* myWidgetExtension */ = {
			isa = PBXNativeTarget;
			buildConfigurationList = C63A3B622822A2D400FBCF96 /* Build configuration list for PBXNativeTarget "myWidgetExtension" */;
			buildPhases = (
				C63A3B4F2822A2D300FBCF96 /* Sources */,
				C63A3B502822A2D300FBCF96 /* Frameworks */,
				C63A3B512822A2D300FBCF96 /* Resources */,
			);
			buildRules = (
			);
			dependencies = (
			);
			name = myWidgetExtension;
			productName = myWidgetExtension;
			productReference = C63A3B532822A2D300FBCF96 /* myWidgetExtension.appex */;
			productType = "com.apple.product-type.app-extension";
		};
/* End PBXNativeTarget section */

/* Begin PBXProject section */
		C63A3B362822A26400FBCF96 /* Project object */ = {
			isa = PBXProject;
			attributes = {
				BuildIndependentTargetsInParallel = 1;
				LastSwiftUpdateCheck = 1340;
				LastUpgradeCheck = 1330;
				TargetAttributes = {
					34ADE23A286A1619000D8D03 = {
						CreatedOnToolsVersion = 13.4.1;
					};
					34ADE242286A161B000D8D03 = {
						CreatedOnToolsVersion = 13.4.1;
					};
					C63A3B3D2822A26400FBCF96 = {
						CreatedOnToolsVersion = 13.3.1;
					};
					C63A3B522822A2D300FBCF96 = {
						CreatedOnToolsVersion = 13.3.1;
					};
				};
			};
			buildConfigurationList = C63A3B392822A26400FBCF96 /* Build configuration list for PBXProject "포스밀" */;
			compatibilityVersion = "Xcode 13.0";
			developmentRegion = en;
			hasScannedForEncodings = 0;
			knownRegions = (
				en,
				Base,
			);
			mainGroup = C63A3B352822A26400FBCF96;
			packageReferences = (
				C679DCD3282A215B00D87E97 /* XCRemoteSwiftPackageReference "firebase-ios-sdk" */,
			);
			productRefGroup = C63A3B3F2822A26400FBCF96 /* Products */;
			projectDirPath = "";
			projectRoot = "";
			targets = (
				C63A3B3D2822A26400FBCF96 /* 포스밀 */,
				C63A3B522822A2D300FBCF96 /* myWidgetExtension */,
				34ADE23A286A1619000D8D03 /* posmealWatch */,
				34ADE242286A161B000D8D03 /* posmealWatch WatchKit Extension */,
			);
		};
/* End PBXProject section */

/* Begin PBXResourcesBuildPhase section */
		34ADE239286A1619000D8D03 /* Resources */ = {
			isa = PBXResourcesBuildPhase;
			buildActionMask = 2147483647;
			files = (
				34ADE23E286A161B000D8D03 /* Assets.xcassets in Resources */,
			);
			runOnlyForDeploymentPostprocessing = 0;
		};
		34ADE241286A161B000D8D03 /* Resources */ = {
			isa = PBXResourcesBuildPhase;
			buildActionMask = 2147483647;
			files = (
				34ADE252286A161C000D8D03 /* Preview Assets.xcassets in Resources */,
				34ADE26A286CAF67000D8D03 /* Assets.xcassets in Resources */,
				34ADE24F286A161C000D8D03 /* Assets.xcassets in Resources */,
			);
			runOnlyForDeploymentPostprocessing = 0;
		};
		C63A3B3C2822A26400FBCF96 /* Resources */ = {
			isa = PBXResourcesBuildPhase;
			buildActionMask = 2147483647;
			files = (
				C63A3B492822A26400FBCF96 /* Preview Assets.xcassets in Resources */,
				C63A3B462822A26400FBCF96 /* Assets.xcassets in Resources */,
				C679DCD2282A1AD400D87E97 /* GoogleService-Info.plist in Resources */,
			);
			runOnlyForDeploymentPostprocessing = 0;
		};
		C63A3B512822A2D300FBCF96 /* Resources */ = {
			isa = PBXResourcesBuildPhase;
			buildActionMask = 2147483647;
			files = (
				34ADE26B286CAFED000D8D03 /* Assets.xcassets in Resources */,
			);
			runOnlyForDeploymentPostprocessing = 0;
		};
/* End PBXResourcesBuildPhase section */

/* Begin PBXSourcesBuildPhase section */
		34ADE23F286A161B000D8D03 /* Sources */ = {
			isa = PBXSourcesBuildPhase;
			buildActionMask = 2147483647;
			files = (
				34ADE272286DB317000D8D03 /* ComplicationProvider.swift in Sources */,
				34ADE249286A161B000D8D03 /* ContentView.swift in Sources */,
				34ADE267286A229C000D8D03 /* WatchMenuView.swift in Sources */,
				34ADE26F286CC823000D8D03 /* ExtensionDelegate.swift in Sources */,
				34ADE24B286A161B000D8D03 /* _______App.swift in Sources */,
				34ADE260286A1EE5000D8D03 /* MenuModel.swift in Sources */,
				34ADE25F286A1A38000D8D03 /* Network.swift in Sources */,
				34ADE24D286A161B000D8D03 /* ComplicationController.swift in Sources */,
				34ADE26D286CBA03000D8D03 /* ComplicationView.swift in Sources */,
			);
			runOnlyForDeploymentPostprocessing = 0;
		};
		C63A3B3A2822A26400FBCF96 /* Sources */ = {
			isa = PBXSourcesBuildPhase;
			buildActionMask = 2147483647;
			files = (
				C65FDDB12823B0D800BE164E /* OnBoardingPageView.swift in Sources */,
				C6CC13492822A75400D3EA1A /* MenuModel.swift in Sources */,
				C65FDDAF2823B0BB00BE164E /* OnBoardingTabView.swift in Sources */,
				C6947821282A93980087F11C /* AppDelegate.swift in Sources */,
				C63A3B442822A26400FBCF96 /* ContentView.swift in Sources */,
				C63A3B422822A26400FBCF96 /* widgetProjectApp.swift in Sources */,
				C6CC13472822A72000D3EA1A /* Network.swift in Sources */,
				C65FDDB32823B0E600BE164E /* OnBoardingLastPageView.swift in Sources */,
				C6CB935428258252005D143E /* MenuView.swift in Sources */,
			);
			runOnlyForDeploymentPostprocessing = 0;
		};
		C63A3B4F2822A2D300FBCF96 /* Sources */ = {
			isa = PBXSourcesBuildPhase;
			buildActionMask = 2147483647;
			files = (
				C63A3B5B2822A2D300FBCF96 /* myWidget.swift in Sources */,
			);
			runOnlyForDeploymentPostprocessing = 0;
		};
/* End PBXSourcesBuildPhase section */

/* Begin PBXTargetDependency section */
		34ADE246286A161B000D8D03 /* PBXTargetDependency */ = {
			isa = PBXTargetDependency;
			target = 34ADE242286A161B000D8D03 /* posmealWatch WatchKit Extension */;
			targetProxy = 34ADE245286A161B000D8D03 /* PBXContainerItemProxy */;
		};
		34ADE255286A161C000D8D03 /* PBXTargetDependency */ = {
			isa = PBXTargetDependency;
			target = 34ADE23A286A1619000D8D03 /* posmealWatch */;
			targetProxy = 34ADE254286A161C000D8D03 /* PBXContainerItemProxy */;
		};
		34ADE269286B1581000D8D03 /* PBXTargetDependency */ = {
			isa = PBXTargetDependency;
			target = 34ADE23A286A1619000D8D03 /* posmealWatch */;
			targetProxy = 34ADE268286B1581000D8D03 /* PBXContainerItemProxy */;
		};
		C63A3B602822A2D400FBCF96 /* PBXTargetDependency */ = {
			isa = PBXTargetDependency;
			platformFilter = ios;
			target = C63A3B522822A2D300FBCF96 /* myWidgetExtension */;
			targetProxy = C63A3B5F2822A2D400FBCF96 /* PBXContainerItemProxy */;
		};
/* End PBXTargetDependency section */

/* Begin XCBuildConfiguration section */
		34ADE258286A161C000D8D03 /* Debug */ = {
			isa = XCBuildConfiguration;
			buildSettings = {
				ASSETCATALOG_COMPILER_COMPLICATION_NAME = Complication;
				CODE_SIGN_STYLE = Automatic;
				CURRENT_PROJECT_VERSION = 1;
				DEVELOPMENT_ASSET_PATHS = "\"posmealWatch WatchKit Extension/Preview Content\"";
				DEVELOPMENT_TEAM = JPL38XBHJ4;
				ENABLE_PREVIEWS = YES;
				GENERATE_INFOPLIST_FILE = YES;
				INFOPLIST_FILE = "posmealWatch WatchKit Extension/Info.plist";
				INFOPLIST_KEY_CFBundleDisplayName = "포스밀";
				INFOPLIST_KEY_CLKComplicationPrincipalClass = posmealWatch_WatchKit_Extension.ComplicationController;
				INFOPLIST_KEY_NSHumanReadableCopyright = "";
				LD_RUNPATH_SEARCH_PATHS = (
					"$(inherited)",
					"@executable_path/Frameworks",
					"@executable_path/../../Frameworks",
				);
				MARKETING_VERSION = 1.0.3;
				PRODUCT_BUNDLE_IDENTIFIER = com.led.posmeal.watchkit.extension;
				PRODUCT_NAME = "${TARGET_NAME}";
				SDKROOT = watchos;
				SKIP_INSTALL = YES;
				SWIFT_EMIT_LOC_STRINGS = YES;
				SWIFT_VERSION = 5.0;
				TARGETED_DEVICE_FAMILY = 4;
				WATCHOS_DEPLOYMENT_TARGET = 8.5;
			};
			name = Debug;
		};
		34ADE259286A161C000D8D03 /* Release */ = {
			isa = XCBuildConfiguration;
			buildSettings = {
				ASSETCATALOG_COMPILER_COMPLICATION_NAME = Complication;
				CODE_SIGN_STYLE = Automatic;
				CURRENT_PROJECT_VERSION = 1;
				DEVELOPMENT_ASSET_PATHS = "\"posmealWatch WatchKit Extension/Preview Content\"";
				DEVELOPMENT_TEAM = JPL38XBHJ4;
				ENABLE_PREVIEWS = YES;
				GENERATE_INFOPLIST_FILE = YES;
				INFOPLIST_FILE = "posmealWatch WatchKit Extension/Info.plist";
				INFOPLIST_KEY_CFBundleDisplayName = "포스밀";
				INFOPLIST_KEY_CLKComplicationPrincipalClass = posmealWatch_WatchKit_Extension.ComplicationController;
				INFOPLIST_KEY_NSHumanReadableCopyright = "";
				LD_RUNPATH_SEARCH_PATHS = (
					"$(inherited)",
					"@executable_path/Frameworks",
					"@executable_path/../../Frameworks",
				);
				MARKETING_VERSION = 1.0.3;
				PRODUCT_BUNDLE_IDENTIFIER = com.led.posmeal.watchkit.extension;
				PRODUCT_NAME = "${TARGET_NAME}";
				SDKROOT = watchos;
				SKIP_INSTALL = YES;
				SWIFT_EMIT_LOC_STRINGS = YES;
				SWIFT_VERSION = 5.0;
				TARGETED_DEVICE_FAMILY = 4;
				WATCHOS_DEPLOYMENT_TARGET = 8.5;
			};
			name = Release;
		};
		34ADE25C286A161C000D8D03 /* Debug */ = {
			isa = XCBuildConfiguration;
			buildSettings = {
				ALWAYS_EMBED_SWIFT_STANDARD_LIBRARIES = YES;
				ASSETCATALOG_COMPILER_APPICON_NAME = AppIcon;
				ASSETCATALOG_COMPILER_GLOBAL_ACCENT_COLOR_NAME = AccentColor;
				CODE_SIGN_STYLE = Automatic;
				CURRENT_PROJECT_VERSION = 1;
				DEVELOPMENT_TEAM = JPL38XBHJ4;
				GENERATE_INFOPLIST_FILE = YES;
				IBSC_MODULE = posmealWatch_WatchKit_Extension;
				INFOPLIST_KEY_UISupportedInterfaceOrientations = "UIInterfaceOrientationPortrait UIInterfaceOrientationPortraitUpsideDown";
				INFOPLIST_KEY_WKCompanionAppBundleIdentifier = com.led.posmeal;
				MARKETING_VERSION = 1.0.3;
				PRODUCT_BUNDLE_IDENTIFIER = com.led.posmeal.watchkit;
				PRODUCT_NAME = "포스밀";
				SDKROOT = watchos;
				SKIP_INSTALL = YES;
				SWIFT_EMIT_LOC_STRINGS = YES;
				SWIFT_VERSION = 5.0;
				TARGETED_DEVICE_FAMILY = 4;
				WATCHOS_DEPLOYMENT_TARGET = 8.5;
			};
			name = Debug;
		};
		34ADE25D286A161C000D8D03 /* Release */ = {
			isa = XCBuildConfiguration;
			buildSettings = {
				ALWAYS_EMBED_SWIFT_STANDARD_LIBRARIES = YES;
				ASSETCATALOG_COMPILER_APPICON_NAME = AppIcon;
				ASSETCATALOG_COMPILER_GLOBAL_ACCENT_COLOR_NAME = AccentColor;
				CODE_SIGN_STYLE = Automatic;
				CURRENT_PROJECT_VERSION = 1;
				DEVELOPMENT_TEAM = JPL38XBHJ4;
				GENERATE_INFOPLIST_FILE = YES;
				IBSC_MODULE = posmealWatch_WatchKit_Extension;
				INFOPLIST_KEY_UISupportedInterfaceOrientations = "UIInterfaceOrientationPortrait UIInterfaceOrientationPortraitUpsideDown";
				INFOPLIST_KEY_WKCompanionAppBundleIdentifier = com.led.posmeal;
				MARKETING_VERSION = 1.0.3;
				PRODUCT_BUNDLE_IDENTIFIER = com.led.posmeal.watchkit;
				PRODUCT_NAME = "포스밀";
				SDKROOT = watchos;
				SKIP_INSTALL = YES;
				SWIFT_EMIT_LOC_STRINGS = YES;
				SWIFT_VERSION = 5.0;
				TARGETED_DEVICE_FAMILY = 4;
				WATCHOS_DEPLOYMENT_TARGET = 8.5;
			};
			name = Release;
		};
		C63A3B4A2822A26400FBCF96 /* Debug */ = {
			isa = XCBuildConfiguration;
			buildSettings = {
				ALWAYS_SEARCH_USER_PATHS = NO;
				CLANG_ANALYZER_NONNULL = YES;
				CLANG_ANALYZER_NUMBER_OBJECT_CONVERSION = YES_AGGRESSIVE;
				CLANG_CXX_LANGUAGE_STANDARD = "gnu++17";
				CLANG_ENABLE_MODULES = YES;
				CLANG_ENABLE_OBJC_ARC = YES;
				CLANG_ENABLE_OBJC_WEAK = YES;
				CLANG_WARN_BLOCK_CAPTURE_AUTORELEASING = YES;
				CLANG_WARN_BOOL_CONVERSION = YES;
				CLANG_WARN_COMMA = YES;
				CLANG_WARN_CONSTANT_CONVERSION = YES;
				CLANG_WARN_DEPRECATED_OBJC_IMPLEMENTATIONS = YES;
				CLANG_WARN_DIRECT_OBJC_ISA_USAGE = YES_ERROR;
				CLANG_WARN_DOCUMENTATION_COMMENTS = YES;
				CLANG_WARN_EMPTY_BODY = YES;
				CLANG_WARN_ENUM_CONVERSION = YES;
				CLANG_WARN_INFINITE_RECURSION = YES;
				CLANG_WARN_INT_CONVERSION = YES;
				CLANG_WARN_NON_LITERAL_NULL_CONVERSION = YES;
				CLANG_WARN_OBJC_IMPLICIT_RETAIN_SELF = YES;
				CLANG_WARN_OBJC_LITERAL_CONVERSION = YES;
				CLANG_WARN_OBJC_ROOT_CLASS = YES_ERROR;
				CLANG_WARN_QUOTED_INCLUDE_IN_FRAMEWORK_HEADER = YES;
				CLANG_WARN_RANGE_LOOP_ANALYSIS = YES;
				CLANG_WARN_STRICT_PROTOTYPES = YES;
				CLANG_WARN_SUSPICIOUS_MOVE = YES;
				CLANG_WARN_UNGUARDED_AVAILABILITY = YES_AGGRESSIVE;
				CLANG_WARN_UNREACHABLE_CODE = YES;
				CLANG_WARN__DUPLICATE_METHOD_MATCH = YES;
				COPY_PHASE_STRIP = NO;
				DEBUG_INFORMATION_FORMAT = dwarf;
				ENABLE_STRICT_OBJC_MSGSEND = YES;
				ENABLE_TESTABILITY = YES;
				GCC_C_LANGUAGE_STANDARD = gnu11;
				GCC_DYNAMIC_NO_PIC = NO;
				GCC_NO_COMMON_BLOCKS = YES;
				GCC_OPTIMIZATION_LEVEL = 0;
				GCC_PREPROCESSOR_DEFINITIONS = (
					"DEBUG=1",
					"$(inherited)",
				);
				GCC_WARN_64_TO_32_BIT_CONVERSION = YES;
				GCC_WARN_ABOUT_RETURN_TYPE = YES_ERROR;
				GCC_WARN_UNDECLARED_SELECTOR = YES;
				GCC_WARN_UNINITIALIZED_AUTOS = YES_AGGRESSIVE;
				GCC_WARN_UNUSED_FUNCTION = YES;
				GCC_WARN_UNUSED_VARIABLE = YES;
				IPHONEOS_DEPLOYMENT_TARGET = 15.0;
				MTL_ENABLE_DEBUG_INFO = INCLUDE_SOURCE;
				MTL_FAST_MATH = YES;
				ONLY_ACTIVE_ARCH = YES;
				SDKROOT = iphoneos;
				SWIFT_ACTIVE_COMPILATION_CONDITIONS = DEBUG;
				SWIFT_OPTIMIZATION_LEVEL = "-Onone";
			};
			name = Debug;
		};
		C63A3B4B2822A26400FBCF96 /* Release */ = {
			isa = XCBuildConfiguration;
			buildSettings = {
				ALWAYS_SEARCH_USER_PATHS = NO;
				CLANG_ANALYZER_NONNULL = YES;
				CLANG_ANALYZER_NUMBER_OBJECT_CONVERSION = YES_AGGRESSIVE;
				CLANG_CXX_LANGUAGE_STANDARD = "gnu++17";
				CLANG_ENABLE_MODULES = YES;
				CLANG_ENABLE_OBJC_ARC = YES;
				CLANG_ENABLE_OBJC_WEAK = YES;
				CLANG_WARN_BLOCK_CAPTURE_AUTORELEASING = YES;
				CLANG_WARN_BOOL_CONVERSION = YES;
				CLANG_WARN_COMMA = YES;
				CLANG_WARN_CONSTANT_CONVERSION = YES;
				CLANG_WARN_DEPRECATED_OBJC_IMPLEMENTATIONS = YES;
				CLANG_WARN_DIRECT_OBJC_ISA_USAGE = YES_ERROR;
				CLANG_WARN_DOCUMENTATION_COMMENTS = YES;
				CLANG_WARN_EMPTY_BODY = YES;
				CLANG_WARN_ENUM_CONVERSION = YES;
				CLANG_WARN_INFINITE_RECURSION = YES;
				CLANG_WARN_INT_CONVERSION = YES;
				CLANG_WARN_NON_LITERAL_NULL_CONVERSION = YES;
				CLANG_WARN_OBJC_IMPLICIT_RETAIN_SELF = YES;
				CLANG_WARN_OBJC_LITERAL_CONVERSION = YES;
				CLANG_WARN_OBJC_ROOT_CLASS = YES_ERROR;
				CLANG_WARN_QUOTED_INCLUDE_IN_FRAMEWORK_HEADER = YES;
				CLANG_WARN_RANGE_LOOP_ANALYSIS = YES;
				CLANG_WARN_STRICT_PROTOTYPES = YES;
				CLANG_WARN_SUSPICIOUS_MOVE = YES;
				CLANG_WARN_UNGUARDED_AVAILABILITY = YES_AGGRESSIVE;
				CLANG_WARN_UNREACHABLE_CODE = YES;
				CLANG_WARN__DUPLICATE_METHOD_MATCH = YES;
				COPY_PHASE_STRIP = NO;
				DEBUG_INFORMATION_FORMAT = "dwarf-with-dsym";
				ENABLE_NS_ASSERTIONS = NO;
				ENABLE_STRICT_OBJC_MSGSEND = YES;
				GCC_C_LANGUAGE_STANDARD = gnu11;
				GCC_NO_COMMON_BLOCKS = YES;
				GCC_WARN_64_TO_32_BIT_CONVERSION = YES;
				GCC_WARN_ABOUT_RETURN_TYPE = YES_ERROR;
				GCC_WARN_UNDECLARED_SELECTOR = YES;
				GCC_WARN_UNINITIALIZED_AUTOS = YES_AGGRESSIVE;
				GCC_WARN_UNUSED_FUNCTION = YES;
				GCC_WARN_UNUSED_VARIABLE = YES;
				IPHONEOS_DEPLOYMENT_TARGET = 15.0;
				MTL_ENABLE_DEBUG_INFO = NO;
				MTL_FAST_MATH = YES;
				SDKROOT = iphoneos;
				SWIFT_COMPILATION_MODE = wholemodule;
				SWIFT_OPTIMIZATION_LEVEL = "-O";
				VALIDATE_PRODUCT = YES;
			};
			name = Release;
		};
		C63A3B4D2822A26400FBCF96 /* Debug */ = {
			isa = XCBuildConfiguration;
			buildSettings = {
				ALWAYS_EMBED_SWIFT_STANDARD_LIBRARIES = YES;
				ASSETCATALOG_COMPILER_APPICON_NAME = AppIcon;
				ASSETCATALOG_COMPILER_GLOBAL_ACCENT_COLOR_NAME = AccentColor;
				CODE_SIGN_ENTITLEMENTS = widgetProject/widgetProject.entitlements;
				CODE_SIGN_IDENTITY = "Apple Development";
				CODE_SIGN_STYLE = Automatic;
				CURRENT_PROJECT_VERSION = 1;
				DEVELOPMENT_ASSET_PATHS = "\"widgetProject/Preview Content\"";
				DEVELOPMENT_TEAM = JPL38XBHJ4;
				ENABLE_PREVIEWS = YES;
				GENERATE_INFOPLIST_FILE = YES;
				INFOPLIST_FILE = "--------Info.plist";
				INFOPLIST_KEY_UIApplicationSceneManifest_Generation = YES;
				INFOPLIST_KEY_UIApplicationSupportsIndirectInputEvents = YES;
				INFOPLIST_KEY_UILaunchScreen_Generation = YES;
				INFOPLIST_KEY_UISupportedInterfaceOrientations = "UIInterfaceOrientationPortrait UIInterfaceOrientationPortraitUpsideDown";
				INFOPLIST_KEY_UISupportedInterfaceOrientations_iPad = "UIInterfaceOrientationPortrait UIInterfaceOrientationPortraitUpsideDown";
				INFOPLIST_KEY_UISupportedInterfaceOrientations_iPhone = "UIInterfaceOrientationPortrait UIInterfaceOrientationLandscapeLeft UIInterfaceOrientationLandscapeRight";
				LD_RUNPATH_SEARCH_PATHS = (
					"$(inherited)",
					"@executable_path/Frameworks",
				);
				MARKETING_VERSION = 1.0.3;
				PRODUCT_BUNDLE_IDENTIFIER = com.led.posmeal;
				PRODUCT_NAME = "포스밀";
				PROVISIONING_PROFILE_SPECIFIER = "";
				SUPPORTS_MACCATALYST = NO;
				SWIFT_EMIT_LOC_STRINGS = YES;
				SWIFT_VERSION = 5.0;
				TARGETED_DEVICE_FAMILY = 1;
			};
			name = Debug;
		};
		C63A3B4E2822A26400FBCF96 /* Release */ = {
			isa = XCBuildConfiguration;
			buildSettings = {
				ALWAYS_EMBED_SWIFT_STANDARD_LIBRARIES = YES;
				ASSETCATALOG_COMPILER_APPICON_NAME = AppIcon;
				ASSETCATALOG_COMPILER_GLOBAL_ACCENT_COLOR_NAME = AccentColor;
				CODE_SIGN_ENTITLEMENTS = widgetProject/widgetProject.entitlements;
				CODE_SIGN_IDENTITY = "Apple Development";
				CODE_SIGN_STYLE = Automatic;
				CURRENT_PROJECT_VERSION = 1;
				DEVELOPMENT_ASSET_PATHS = "\"widgetProject/Preview Content\"";
				DEVELOPMENT_TEAM = JPL38XBHJ4;
				ENABLE_PREVIEWS = YES;
				GENERATE_INFOPLIST_FILE = YES;
				INFOPLIST_FILE = "--------Info.plist";
				INFOPLIST_KEY_UIApplicationSceneManifest_Generation = YES;
				INFOPLIST_KEY_UIApplicationSupportsIndirectInputEvents = YES;
				INFOPLIST_KEY_UILaunchScreen_Generation = YES;
				INFOPLIST_KEY_UISupportedInterfaceOrientations = "UIInterfaceOrientationPortrait UIInterfaceOrientationPortraitUpsideDown";
				INFOPLIST_KEY_UISupportedInterfaceOrientations_iPad = "UIInterfaceOrientationPortrait UIInterfaceOrientationPortraitUpsideDown";
				INFOPLIST_KEY_UISupportedInterfaceOrientations_iPhone = "UIInterfaceOrientationPortrait UIInterfaceOrientationLandscapeLeft UIInterfaceOrientationLandscapeRight";
				LD_RUNPATH_SEARCH_PATHS = (
					"$(inherited)",
					"@executable_path/Frameworks",
				);
				MARKETING_VERSION = 1.0.3;
				PRODUCT_BUNDLE_IDENTIFIER = com.led.posmeal;
				PRODUCT_NAME = "포스밀";
				PROVISIONING_PROFILE_SPECIFIER = "";
				SUPPORTS_MACCATALYST = NO;
				SWIFT_EMIT_LOC_STRINGS = YES;
				SWIFT_VERSION = 5.0;
				TARGETED_DEVICE_FAMILY = 1;
			};
			name = Release;
		};
		C63A3B632822A2D400FBCF96 /* Debug */ = {
			isa = XCBuildConfiguration;
			buildSettings = {
				ASSETCATALOG_COMPILER_GLOBAL_ACCENT_COLOR_NAME = AccentColor;
				ASSETCATALOG_COMPILER_WIDGET_BACKGROUND_COLOR_NAME = WidgetBackground;
				CODE_SIGN_ENTITLEMENTS = myWidgetExtension.entitlements;
				CODE_SIGN_STYLE = Automatic;
				CURRENT_PROJECT_VERSION = 1;
				DEVELOPMENT_TEAM = JPL38XBHJ4;
				GENERATE_INFOPLIST_FILE = YES;
				INFOPLIST_FILE = myWidget/Info.plist;
				INFOPLIST_KEY_CFBundleDisplayName = "포스밀";
				INFOPLIST_KEY_NSHumanReadableCopyright = "";
				LD_RUNPATH_SEARCH_PATHS = (
					"$(inherited)",
					"@executable_path/Frameworks",
					"@executable_path/../../Frameworks",
				);
				MARKETING_VERSION = 1.0.3;
				PRODUCT_BUNDLE_IDENTIFIER = com.led.posmeal.myWidget;
				PRODUCT_NAME = "$(TARGET_NAME)";
				SKIP_INSTALL = YES;
				SUPPORTS_MACCATALYST = NO;
				SWIFT_EMIT_LOC_STRINGS = YES;
				SWIFT_VERSION = 5.0;
				TARGETED_DEVICE_FAMILY = 1;
			};
			name = Debug;
		};
		C63A3B642822A2D400FBCF96 /* Release */ = {
			isa = XCBuildConfiguration;
			buildSettings = {
				ASSETCATALOG_COMPILER_GLOBAL_ACCENT_COLOR_NAME = AccentColor;
				ASSETCATALOG_COMPILER_WIDGET_BACKGROUND_COLOR_NAME = WidgetBackground;
				CODE_SIGN_ENTITLEMENTS = myWidgetExtension.entitlements;
				CODE_SIGN_STYLE = Automatic;
				CURRENT_PROJECT_VERSION = 1;
				DEVELOPMENT_TEAM = JPL38XBHJ4;
				GENERATE_INFOPLIST_FILE = YES;
				INFOPLIST_FILE = myWidget/Info.plist;
				INFOPLIST_KEY_CFBundleDisplayName = "포스밀";
				INFOPLIST_KEY_NSHumanReadableCopyright = "";
				LD_RUNPATH_SEARCH_PATHS = (
					"$(inherited)",
					"@executable_path/Frameworks",
					"@executable_path/../../Frameworks",
				);
				MARKETING_VERSION = 1.0.3;
				PRODUCT_BUNDLE_IDENTIFIER = com.led.posmeal.myWidget;
				PRODUCT_NAME = "$(TARGET_NAME)";
				SKIP_INSTALL = YES;
				SUPPORTS_MACCATALYST = NO;
				SWIFT_EMIT_LOC_STRINGS = YES;
				SWIFT_VERSION = 5.0;
				TARGETED_DEVICE_FAMILY = 1;
			};
			name = Release;
		};
/* End XCBuildConfiguration section */

/* Begin XCConfigurationList section */
		34ADE257286A161C000D8D03 /* Build configuration list for PBXNativeTarget "posmealWatch WatchKit Extension" */ = {
			isa = XCConfigurationList;
			buildConfigurations = (
				34ADE258286A161C000D8D03 /* Debug */,
				34ADE259286A161C000D8D03 /* Release */,
			);
			defaultConfigurationIsVisible = 0;
			defaultConfigurationName = Release;
		};
		34ADE25B286A161C000D8D03 /* Build configuration list for PBXNativeTarget "posmealWatch" */ = {
			isa = XCConfigurationList;
			buildConfigurations = (
				34ADE25C286A161C000D8D03 /* Debug */,
				34ADE25D286A161C000D8D03 /* Release */,
			);
			defaultConfigurationIsVisible = 0;
			defaultConfigurationName = Release;
		};
		C63A3B392822A26400FBCF96 /* Build configuration list for PBXProject "포스밀" */ = {
			isa = XCConfigurationList;
			buildConfigurations = (
				C63A3B4A2822A26400FBCF96 /* Debug */,
				C63A3B4B2822A26400FBCF96 /* Release */,
			);
			defaultConfigurationIsVisible = 0;
			defaultConfigurationName = Release;
		};
		C63A3B4C2822A26400FBCF96 /* Build configuration list for PBXNativeTarget "포스밀" */ = {
			isa = XCConfigurationList;
			buildConfigurations = (
				C63A3B4D2822A26400FBCF96 /* Debug */,
				C63A3B4E2822A26400FBCF96 /* Release */,
			);
			defaultConfigurationIsVisible = 0;
			defaultConfigurationName = Release;
		};
		C63A3B622822A2D400FBCF96 /* Build configuration list for PBXNativeTarget "myWidgetExtension" */ = {
			isa = XCConfigurationList;
			buildConfigurations = (
				C63A3B632822A2D400FBCF96 /* Debug */,
				C63A3B642822A2D400FBCF96 /* Release */,
			);
			defaultConfigurationIsVisible = 0;
			defaultConfigurationName = Release;
		};
/* End XCConfigurationList section */

/* Begin XCRemoteSwiftPackageReference section */
		C679DCD3282A215B00D87E97 /* XCRemoteSwiftPackageReference "firebase-ios-sdk" */ = {
			isa = XCRemoteSwiftPackageReference;
			repositoryURL = "https://github.com/firebase/firebase-ios-sdk.git";
			requirement = {
				kind = upToNextMajorVersion;
				minimumVersion = 9.0.0;
			};
		};
/* End XCRemoteSwiftPackageReference section */

/* Begin XCSwiftPackageProductDependency section */
		34ADE262286A2134000D8D03 /* FirebaseMessaging */ = {
			isa = XCSwiftPackageProductDependency;
			package = C679DCD3282A215B00D87E97 /* XCRemoteSwiftPackageReference "firebase-ios-sdk" */;
			productName = FirebaseMessaging;
		};
		C679DCD4282A215B00D87E97 /* FirebaseAnalytics */ = {
			isa = XCSwiftPackageProductDependency;
			package = C679DCD3282A215B00D87E97 /* XCRemoteSwiftPackageReference "firebase-ios-sdk" */;
			productName = FirebaseAnalytics;
		};
		C679DCD6282A215B00D87E97 /* FirebaseMessaging */ = {
			isa = XCSwiftPackageProductDependency;
			package = C679DCD3282A215B00D87E97 /* XCRemoteSwiftPackageReference "firebase-ios-sdk" */;
			productName = FirebaseMessaging;
		};
/* End XCSwiftPackageProductDependency section */
	};
	rootObject = C63A3B362822A26400FBCF96 /* Project object */;
}
